
Microsoft Visual Studio Solution File, Format Version 12.00
# Visual Studio 15
VisualStudioVersion = 15.0.26430.16
MinimumVisualStudioVersion = 10.0.40219.1
Project("{8BC9CEB8-8B4A-11D0-8D11-00A0C91BC942}") = "Cpp code", "ConsoleApplication1\ConsoleApplication1.vcxproj", "{C4F46F64-852E-47AB-8125-73DB78DB14C8}"
EndProject
Project("{FAE04EC0-301F-11D3-BF4B-00C04F79EFBC}") = "C sharp code", "C sharp code\C sharp code.csproj", "{5CAAA81C-B77A-470F-89A1-C0CAAADB2855}"
EndProject
Project("{8BC9CEB8-8B4A-11D0-8D11-00A0C91BC942}") = "C++ Primer Questions", "C++ Primer Questions\C++ Primer Questions.vcxproj", "{89FE0610-1627-43E6-AEAD-B0EFFA813D30}"
EndProject
Project("{FAE04EC0-301F-11D3-BF4B-00C04F79EFBC}") = "Calculator", "Calculator\Calculator.csproj", "{FCD7944D-F647-4819-8431-0D4E35D03107}"
EndProject
Project("{FAE04EC0-301F-11D3-BF4B-00C04F79EFBC}") = "Grades", "..\Hello\Hello\Grades.csproj", "{94CAAEA3-8CA3-45B5-9EED-804BDF63BCC7}"
EndProject
Project("{FAE04EC0-301F-11D3-BF4B-00C04F79EFBC}") = "Grades.Test", "..\Hello\Grades.Test\Grades.Test.csproj", "{1F6D2ABE-31D0-42F0-BA6E-F43E457FD6BD}"
EndProject
Project("{2150E333-8FDC-42A3-9474-1A3956D46DE8}") = "Tests", "Tests", "{551F9D44-8CC5-49B7-9EFD-4CC57CFDB504}"
EndProject
Project("{FAE04EC0-301F-11D3-BF4B-00C04F79EFBC}") = "Acme.Common", "CSharpBP-Basics-master\AcmeApp\Acme.Common\Acme.Common.csproj", "{931B808F-2620-4B71-9F23-680F3BA90E6B}"
EndProject
Project("{FAE04EC0-301F-11D3-BF4B-00C04F79EFBC}") = "Acme.CommonTests", "CSharpBP-Basics-master\AcmeApp\Tests\Acme.CommonTests\Acme.CommonTests.csproj", "{811EE95C-ED43-4601-BFAB-E75B41FD263A}"
EndProject
Project("{FAE04EC0-301F-11D3-BF4B-00C04F79EFBC}") = "Acme.Biz", "CSharpBP-Basics-master\AcmeApp\Acme.Biz\Acme.Biz.csproj", "{5C818AB4-0B33-4802-933D-11210EB5C229}"
EndProject
Project("{FAE04EC0-301F-11D3-BF4B-00C04F79EFBC}") = "Acme.BizTests", "CSharpBP-Basics-master\AcmeApp\Tests\Acme.BizTests\Acme.BizTests.csproj", "{8A097724-9C89-4645-9629-E9FA945E8695}"
EndProject
Project("{FAE04EC0-301F-11D3-BF4B-00C04F79EFBC}") = "Acme.Win", "CSharpBP-Basics-master\AcmeApp\Acme.Win\Acme.Win.csproj", "{A22E0D0A-25D7-428F-978C-364C2A4CAE81}"
EndProject
Project("{FAE04EC0-301F-11D3-BF4B-00C04F79EFBC}") = "Acme.Wpf", "CSharpBP-Basics-master\AcmeApp\Acme.Wpf\Acme.Wpf.csproj", "{42D49B3A-5F7B-4242-BC5C-66075496C895}"
EndProject
Project("{2150E333-8FDC-42A3-9474-1A3956D46DE8}") = "Acme C Sharp Best Practices", "Acme C Sharp Best Practices", "{496C6FF7-0CDE-4E47-BFEB-6F688539D395}"
EndProject
Project("{2150E333-8FDC-42A3-9474-1A3956D46DE8}") = "Grades C Sharp Fundamentals", "Grades C Sharp Fundamentals", "{BBD4105E-A764-4638-BE9F-0D7704A85D70}"
EndProject
Project("{2150E333-8FDC-42A3-9474-1A3956D46DE8}") = "Equality CSharp", "Equality CSharp", "{052C1580-3E23-4027-A877-35C34DD83789}"
EndProject
Project("{FAE04EC0-301F-11D3-BF4B-00C04F79EFBC}") = "EqualityCheck", "EqualityCheck\EqualityCheck.csproj", "{45AF8573-222B-48CE-A8DE-47EEF7E34004}"
EndProject
Project("{2150E333-8FDC-42A3-9474-1A3956D46DE8}") = "CSharp Collections", "CSharp Collections", "{CA5006A4-D525-4A0B-916B-71132AEE572B}"
EndProject
Project("{FAE04EC0-301F-11D3-BF4B-00C04F79EFBC}") = "BasicArrayOps", "BasicArrayOps\BasicArrayOps.csproj", "{E64F9A2A-BB55-4098-85D8-14C3A6143DE3}"
EndProject
Project("{2150E333-8FDC-42A3-9474-1A3956D46DE8}") = "CSharp Interfaces", "CSharp Interfaces", "{D35B566F-816E-4A78-B1F5-DF0540620B9F}"
EndProject
Project("{FAE04EC0-301F-11D3-BF4B-00C04F79EFBC}") = "Polygons", "Polygons\Polygons.csproj", "{509262B4-7BDE-484A-965C-71A9CDF3112C}"
EndProject
Project("{FAE04EC0-301F-11D3-BF4B-00C04F79EFBC}") = "Polygons.Library", "Polygons.Library\Polygons.Library.csproj", "{0D7D0E90-6F5F-4086-8C20-D2AA564DF66C}"
EndProject
Project("{FAE04EC0-301F-11D3-BF4B-00C04F79EFBC}") = "PeopleViewer", "PeopleViewer\PeopleViewer.csproj", "{B4F2391D-5E5F-4F90-9FF1-F5190C517EAA}"
EndProject
Project("{FAE04EC0-301F-11D3-BF4B-00C04F79EFBC}") = "PersonLibrary", "PersonLibrary\PersonLibrary.csproj", "{EA76F9A3-8C86-4D71-AE23-D16CC1F4D734}"
EndProject
Project("{FAE04EC0-301F-11D3-BF4B-00C04F79EFBC}") = "TempApp", "TempApp\TempApp.csproj", "{B9203B9C-1FDD-4314-8447-C518B14CBB62}"
EndProject
Project("{FAE04EC0-301F-11D3-BF4B-00C04F79EFBC}") = "ExtensibilityPeopleViewer", "ExtensibilityPeopleViewer\ExtensibilityPeopleViewer.csproj", "{FAEEB581-1876-45EC-BA54-F64682B10B30}"
EndProject
Project("{2150E333-8FDC-42A3-9474-1A3956D46DE8}") = "Repositories", "Repositories", "{3648E89D-1EB0-41F5-94BC-1DE45F990FA3}"
EndProject
Project("{FAE04EC0-301F-11D3-BF4B-00C04F79EFBC}") = "PersonRepository.Interface", "PersonRepository.Interface\PersonRepository.Interface.csproj", "{2999CBC5-8FAA-462B-BDB6-40A0A714A7FE}"
EndProject
Project("{2150E333-8FDC-42A3-9474-1A3956D46DE8}") = "Services", "Services", "{3EB35363-0DFF-49C1-B72B-64EA74843AC4}"
EndProject
Project("{FAE04EC0-301F-11D3-BF4B-00C04F79EFBC}") = "People.Service", "People.Service\People.Service.csproj", "{1AFE591B-D68E-41C2-AEE0-48F40C5F57F4}"
EndProject
Project("{2150E333-8FDC-42A3-9474-1A3956D46DE8}") = "Extensibility", "Extensibility", "{691427F7-37A4-427B-93C0-BA8E80DC9617}"
EndProject
Project("{FAE04EC0-301F-11D3-BF4B-00C04F79EFBC}") = "PersonRepository.Service", "PersonRepository.Service\PersonRepository.Service.csproj", "{3D01E97B-50EC-4522-AF2A-5F28D01A69CE}"
	ProjectSection(ProjectDependencies) = postProject
		{1AFE591B-D68E-41C2-AEE0-48F40C5F57F4} = {1AFE591B-D68E-41C2-AEE0-48F40C5F57F4}
	EndProjectSection
EndProject
Project("{FAE04EC0-301F-11D3-BF4B-00C04F79EFBC}") = "PersonRepository.CSV", "PersonRepository.CSV\PersonRepository.CSV.csproj", "{5A4AA156-21EF-4172-A16E-0A8829293837}"
EndProject
Project("{FAE04EC0-301F-11D3-BF4B-00C04F79EFBC}") = "PersonRepository.SQL", "PersonRepository.SQL\PersonRepository.SQL.csproj", "{0641FF64-0338-47FA-B75B-BC7CEC1C711B}"
EndProject
Project("{2150E333-8FDC-42A3-9474-1A3956D46DE8}") = "MVVM", "MVVM", "{4F07CA65-432A-48BA-8B9B-2BA0E8A24B4B}"
EndProject
Project("{FAE04EC0-301F-11D3-BF4B-00C04F79EFBC}") = "PeopleViewer.Layered", "PeopleViewer.Layered\PeopleViewer.Layered.csproj", "{55668A03-185C-454C-9D95-0E33B1B1FF02}"
	ProjectSection(ProjectDependencies) = postProject
		{1AFE591B-D68E-41C2-AEE0-48F40C5F57F4} = {1AFE591B-D68E-41C2-AEE0-48F40C5F57F4}
	EndProjectSection
EndProject
Project("{2150E333-8FDC-42A3-9474-1A3956D46DE8}") = "C Sharp Collections Best Practices", "C Sharp Collections Best Practices", "{85BECA60-19F9-4B4C-A103-C51963A366B3}"
EndProject
Project("{FAE04EC0-301F-11D3-BF4B-00C04F79EFBC}") = "Acme.Biz", "CSharpBP-Collections-master\AcmeApp\Acme.Biz\Acme.Biz.csproj", "{7F9613B2-CC50-4C21-B0A0-9FCDDB4E0DDE}"
EndProject
Project("{FAE04EC0-301F-11D3-BF4B-00C04F79EFBC}") = "Acme.Common", "CSharpBP-Collections-master\AcmeApp\Acme.Common\Acme.Common.csproj", "{9A1E9DB1-159B-418F-BB99-C2A5B5F1EBFE}"
EndProject
Project("{FAE04EC0-301F-11D3-BF4B-00C04F79EFBC}") = "Acme.Win", "CSharpBP-Collections-master\AcmeApp\Acme.Win\Acme.Win.csproj", "{5C63743C-C56F-4E1D-A53A-FAAC5591150C}"
EndProject
Project("{FAE04EC0-301F-11D3-BF4B-00C04F79EFBC}") = "Acme.Wpf", "CSharpBP-Collections-master\AcmeApp\Acme.Wpf\Acme.Wpf.csproj", "{BD0B742C-1A99-449B-82C2-462580387B87}"
EndProject
Project("{FAE04EC0-301F-11D3-BF4B-00C04F79EFBC}") = "Acme.CommonTests", "CSharpBP-Collections-master\AcmeApp\Tests\Acme.CommonTests\Acme.CommonTests.csproj", "{46092673-766C-4894-BC39-834155C93044}"
EndProject
Project("{FAE04EC0-301F-11D3-BF4B-00C04F79EFBC}") = "Acme.BizTests", "CSharpBP-Collections-master\AcmeApp\Tests\Acme.BizTests\Acme.BizTests.csproj", "{BDF73BFC-9E2F-4999-B49F-2EB6D9D126F2}"
EndProject
Project("{2150E333-8FDC-42A3-9474-1A3956D46DE8}") = "Tests", "Tests", "{A8C20DE0-B2F5-4E70-B4AE-9B7F02A4CA04}"
EndProject
Project("{2150E333-8FDC-42A3-9474-1A3956D46DE8}") = "Geeks for Geeks Sample problems", "Geeks for Geeks Sample problems", "{85E0EA2F-4A03-4314-BDE5-09E36BAD39F3}"
EndProject
Project("{FAE04EC0-301F-11D3-BF4B-00C04F79EFBC}") = "SampleProblems", "SampleProblems\SampleProblems.csproj", "{BBE0E231-C780-4DA1-8564-4E4A5C9C7AB1}"
EndProject
Project("{FAE04EC0-301F-11D3-BF4B-00C04F79EFBC}") = "Spoj", "Spoj\Spoj.csproj", "{AB819FD2-1C01-411B-8ACA-F8C7479362BA}"
EndProject
Project("{2150E333-8FDC-42A3-9474-1A3956D46DE8}") = "Original Code", "Original Code", "{63481A2F-7E27-431A-9B64-3B354B1F9154}"
EndProject
Project("{2150E333-8FDC-42A3-9474-1A3956D46DE8}") = "Chapter 3", "Chapter 3", "{D9B15FBA-66D3-4A15-AFB6-C0F0786795A9}"
EndProject
Project("{FAE04EC0-301F-11D3-BF4B-00C04F79EFBC}") = "People.Service", "3-csharp-interfaces-m3-extensibility-exercise-files\after\Extensibility\People.Service\People.Service.csproj", "{5FE8AD75-B070-4A7F-9587-C40EE51BDD44}"
EndProject
Project("{FAE04EC0-301F-11D3-BF4B-00C04F79EFBC}") = "PeopleViewer", "3-csharp-interfaces-m3-extensibility-exercise-files\after\Extensibility\PeopleViewer\PeopleViewer.csproj", "{EC6283B8-58C2-41FF-80C6-0C5C7A402541}"
EndProject
Project("{FAE04EC0-301F-11D3-BF4B-00C04F79EFBC}") = "PersonRepository.CSV", "3-csharp-interfaces-m3-extensibility-exercise-files\after\Extensibility\PersonRepository.CSV\PersonRepository.CSV.csproj", "{22D242EB-8113-49E3-8CC9-03A41E3B185E}"
EndProject
Project("{FAE04EC0-301F-11D3-BF4B-00C04F79EFBC}") = "PersonRepository.Interface", "3-csharp-interfaces-m3-extensibility-exercise-files\after\Extensibility\PersonRepository.Interface\PersonRepository.Interface.csproj", "{07234EAC-B32F-4769-A4C5-83209A858829}"
EndProject
Project("{FAE04EC0-301F-11D3-BF4B-00C04F79EFBC}") = "PersonRepository.Service", "3-csharp-interfaces-m3-extensibility-exercise-files\after\Extensibility\PersonRepository.Service\PersonRepository.Service.csproj", "{8EBA64E3-198D-4456-B9BF-D7EF9BD2CBCE}"
EndProject
Project("{FAE04EC0-301F-11D3-BF4B-00C04F79EFBC}") = "PersonRepository.SQL", "3-csharp-interfaces-m3-extensibility-exercise-files\after\Extensibility\PersonRepository.SQL\PersonRepository.SQL.csproj", "{003702D8-E922-4539-80D4-15AAB22FF29D}"
EndProject
Project("{2150E333-8FDC-42A3-9474-1A3956D46DE8}") = "Chapter 5", "Chapter 5", "{7F1591C0-A75E-4351-80DB-1BFAEA500058}"
EndProject
Project("{FAE04EC0-301F-11D3-BF4B-00C04F79EFBC}") = "People.Service", "5-csharp-interfaces-m5-dynamic-exercise-files\after\DynamicLoading\People.Service\People.Service.csproj", "{BD8A06F9-81A4-4931-8300-91B46C853A2B}"
EndProject
Project("{FAE04EC0-301F-11D3-BF4B-00C04F79EFBC}") = "PeopleViewer.Basic", "5-csharp-interfaces-m5-dynamic-exercise-files\after\DynamicLoading\PeopleViewer.Basic\PeopleViewer.Basic.csproj", "{B601869E-0DA2-446B-B223-F52D8A535D37}"
EndProject
Project("{FAE04EC0-301F-11D3-BF4B-00C04F79EFBC}") = "PeopleViewer.Layered", "5-csharp-interfaces-m5-dynamic-exercise-files\after\DynamicLoading\PeopleViewer.Layered\PeopleViewer.Layered.csproj", "{D85FBE12-9358-47A4-89D1-3A291FF371D2}"
EndProject
Project("{FAE04EC0-301F-11D3-BF4B-00C04F79EFBC}") = "PeopleViewer.Test", "5-csharp-interfaces-m5-dynamic-exercise-files\after\DynamicLoading\PeopleViewer.Test\PeopleViewer.Test.csproj", "{31C2E258-7B2D-43B9-B147-38462F76E8F9}"
EndProject
Project("{FAE04EC0-301F-11D3-BF4B-00C04F79EFBC}") = "PersonRepository.Fake", "5-csharp-interfaces-m5-dynamic-exercise-files\after\DynamicLoading\PersonRepository.Fake\PersonRepository.Fake.csproj", "{39AD022C-414E-4C7A-B0F0-5F8BDDBF4A64}"
EndProject
Project("{FAE04EC0-301F-11D3-BF4B-00C04F79EFBC}") = "PersonRepository.Interface", "5-csharp-interfaces-m5-dynamic-exercise-files\after\DynamicLoading\PersonRepository.Interface\PersonRepository.Interface.csproj", "{B08FD34C-9492-4344-85C5-488B4AB24B49}"
EndProject
Project("{2150E333-8FDC-42A3-9474-1A3956D46DE8}") = "Chapter 6", "Chapter 6", "{E10AD163-FA29-4602-8AA8-8D64AB438EE4}"
EndProject
Project("{FAE04EC0-301F-11D3-BF4B-00C04F79EFBC}") = "People.Service", "6-csharp-interfaces-m6-advanced-exercise-files\after\AdvancedInterfaceTopics\People.Service\People.Service.csproj", "{D4384E37-0A90-418D-9BA1-631C244DA7EF}"
EndProject
Project("{FAE04EC0-301F-11D3-BF4B-00C04F79EFBC}") = "PeopleViewer.Layered", "6-csharp-interfaces-m6-advanced-exercise-files\after\AdvancedInterfaceTopics\PeopleViewer.Layered\PeopleViewer.Layered.csproj", "{EF09051F-C668-4EC3-BFE5-330C5FDD2231}"
EndProject
Project("{FAE04EC0-301F-11D3-BF4B-00C04F79EFBC}") = "PeopleViewer.SimpleDI", "6-csharp-interfaces-m6-advanced-exercise-files\after\AdvancedInterfaceTopics\PeopleViewer.SimpleDI\PeopleViewer.SimpleDI.csproj", "{586D4E96-F476-4AFA-B2FE-00F4772463C2}"
EndProject
Project("{FAE04EC0-301F-11D3-BF4B-00C04F79EFBC}") = "PeopleViewer.Test", "6-csharp-interfaces-m6-advanced-exercise-files\after\AdvancedInterfaceTopics\PeopleViewer.Test\PeopleViewer.Test.csproj", "{6E1FB725-65FB-472B-89D9-197C108CFD5D}"
EndProject
Project("{FAE04EC0-301F-11D3-BF4B-00C04F79EFBC}") = "PersonRepository.Fake", "6-csharp-interfaces-m6-advanced-exercise-files\after\AdvancedInterfaceTopics\PersonRepository.Fake\PersonRepository.Fake.csproj", "{BDB98E4D-7DB2-44E2-AF76-D22F3E58B547}"
EndProject
Project("{FAE04EC0-301F-11D3-BF4B-00C04F79EFBC}") = "PersonRepository.Interface", "6-csharp-interfaces-m6-advanced-exercise-files\after\AdvancedInterfaceTopics\PersonRepository.Interface\PersonRepository.Interface.csproj", "{E893C220-C2E4-4B86-A65B-F41D853ECEFE}"
EndProject
Global
	GlobalSection(SolutionConfigurationPlatforms) = preSolution
		Debug|Any CPU = Debug|Any CPU
		Debug|x64 = Debug|x64
		Debug|x86 = Debug|x86
		Release|Any CPU = Release|Any CPU
		Release|x64 = Release|x64
		Release|x86 = Release|x86
	EndGlobalSection
	GlobalSection(ProjectConfigurationPlatforms) = postSolution
		{C4F46F64-852E-47AB-8125-73DB78DB14C8}.Debug|Any CPU.ActiveCfg = Debug|Win32
		{C4F46F64-852E-47AB-8125-73DB78DB14C8}.Debug|x64.ActiveCfg = Debug|x64
		{C4F46F64-852E-47AB-8125-73DB78DB14C8}.Debug|x64.Build.0 = Debug|x64
		{C4F46F64-852E-47AB-8125-73DB78DB14C8}.Debug|x86.ActiveCfg = Debug|Win32
		{C4F46F64-852E-47AB-8125-73DB78DB14C8}.Debug|x86.Build.0 = Debug|Win32
		{C4F46F64-852E-47AB-8125-73DB78DB14C8}.Release|Any CPU.ActiveCfg = Release|Win32
		{C4F46F64-852E-47AB-8125-73DB78DB14C8}.Release|x64.ActiveCfg = Release|x64
		{C4F46F64-852E-47AB-8125-73DB78DB14C8}.Release|x64.Build.0 = Release|x64
		{C4F46F64-852E-47AB-8125-73DB78DB14C8}.Release|x86.ActiveCfg = Release|Win32
		{C4F46F64-852E-47AB-8125-73DB78DB14C8}.Release|x86.Build.0 = Release|Win32
		{5CAAA81C-B77A-470F-89A1-C0CAAADB2855}.Debug|Any CPU.ActiveCfg = Debug|Any CPU
		{5CAAA81C-B77A-470F-89A1-C0CAAADB2855}.Debug|Any CPU.Build.0 = Debug|Any CPU
		{5CAAA81C-B77A-470F-89A1-C0CAAADB2855}.Debug|x64.ActiveCfg = Debug|Any CPU
		{5CAAA81C-B77A-470F-89A1-C0CAAADB2855}.Debug|x64.Build.0 = Debug|Any CPU
		{5CAAA81C-B77A-470F-89A1-C0CAAADB2855}.Debug|x86.ActiveCfg = Debug|Any CPU
		{5CAAA81C-B77A-470F-89A1-C0CAAADB2855}.Debug|x86.Build.0 = Debug|Any CPU
		{5CAAA81C-B77A-470F-89A1-C0CAAADB2855}.Release|Any CPU.ActiveCfg = Release|Any CPU
		{5CAAA81C-B77A-470F-89A1-C0CAAADB2855}.Release|Any CPU.Build.0 = Release|Any CPU
		{5CAAA81C-B77A-470F-89A1-C0CAAADB2855}.Release|x64.ActiveCfg = Release|Any CPU
		{5CAAA81C-B77A-470F-89A1-C0CAAADB2855}.Release|x64.Build.0 = Release|Any CPU
		{5CAAA81C-B77A-470F-89A1-C0CAAADB2855}.Release|x86.ActiveCfg = Release|Any CPU
		{5CAAA81C-B77A-470F-89A1-C0CAAADB2855}.Release|x86.Build.0 = Release|Any CPU
		{89FE0610-1627-43E6-AEAD-B0EFFA813D30}.Debug|Any CPU.ActiveCfg = Debug|Win32
		{89FE0610-1627-43E6-AEAD-B0EFFA813D30}.Debug|x64.ActiveCfg = Debug|x64
		{89FE0610-1627-43E6-AEAD-B0EFFA813D30}.Debug|x64.Build.0 = Debug|x64
		{89FE0610-1627-43E6-AEAD-B0EFFA813D30}.Debug|x86.ActiveCfg = Debug|Win32
		{89FE0610-1627-43E6-AEAD-B0EFFA813D30}.Debug|x86.Build.0 = Debug|Win32
		{89FE0610-1627-43E6-AEAD-B0EFFA813D30}.Release|Any CPU.ActiveCfg = Release|Win32
		{89FE0610-1627-43E6-AEAD-B0EFFA813D30}.Release|x64.ActiveCfg = Release|x64
		{89FE0610-1627-43E6-AEAD-B0EFFA813D30}.Release|x64.Build.0 = Release|x64
		{89FE0610-1627-43E6-AEAD-B0EFFA813D30}.Release|x86.ActiveCfg = Release|Win32
		{89FE0610-1627-43E6-AEAD-B0EFFA813D30}.Release|x86.Build.0 = Release|Win32
		{FCD7944D-F647-4819-8431-0D4E35D03107}.Debug|Any CPU.ActiveCfg = Debug|Any CPU
		{FCD7944D-F647-4819-8431-0D4E35D03107}.Debug|Any CPU.Build.0 = Debug|Any CPU
		{FCD7944D-F647-4819-8431-0D4E35D03107}.Debug|x64.ActiveCfg = Debug|Any CPU
		{FCD7944D-F647-4819-8431-0D4E35D03107}.Debug|x64.Build.0 = Debug|Any CPU
		{FCD7944D-F647-4819-8431-0D4E35D03107}.Debug|x86.ActiveCfg = Debug|Any CPU
		{FCD7944D-F647-4819-8431-0D4E35D03107}.Debug|x86.Build.0 = Debug|Any CPU
		{FCD7944D-F647-4819-8431-0D4E35D03107}.Release|Any CPU.ActiveCfg = Release|Any CPU
		{FCD7944D-F647-4819-8431-0D4E35D03107}.Release|Any CPU.Build.0 = Release|Any CPU
		{FCD7944D-F647-4819-8431-0D4E35D03107}.Release|x64.ActiveCfg = Release|Any CPU
		{FCD7944D-F647-4819-8431-0D4E35D03107}.Release|x64.Build.0 = Release|Any CPU
		{FCD7944D-F647-4819-8431-0D4E35D03107}.Release|x86.ActiveCfg = Release|Any CPU
		{FCD7944D-F647-4819-8431-0D4E35D03107}.Release|x86.Build.0 = Release|Any CPU
		{94CAAEA3-8CA3-45B5-9EED-804BDF63BCC7}.Debug|Any CPU.ActiveCfg = Debug|Any CPU
		{94CAAEA3-8CA3-45B5-9EED-804BDF63BCC7}.Debug|Any CPU.Build.0 = Debug|Any CPU
		{94CAAEA3-8CA3-45B5-9EED-804BDF63BCC7}.Debug|x64.ActiveCfg = Debug|Any CPU
		{94CAAEA3-8CA3-45B5-9EED-804BDF63BCC7}.Debug|x64.Build.0 = Debug|Any CPU
		{94CAAEA3-8CA3-45B5-9EED-804BDF63BCC7}.Debug|x86.ActiveCfg = Debug|Any CPU
		{94CAAEA3-8CA3-45B5-9EED-804BDF63BCC7}.Debug|x86.Build.0 = Debug|Any CPU
		{94CAAEA3-8CA3-45B5-9EED-804BDF63BCC7}.Release|Any CPU.ActiveCfg = Release|Any CPU
		{94CAAEA3-8CA3-45B5-9EED-804BDF63BCC7}.Release|Any CPU.Build.0 = Release|Any CPU
		{94CAAEA3-8CA3-45B5-9EED-804BDF63BCC7}.Release|x64.ActiveCfg = Release|Any CPU
		{94CAAEA3-8CA3-45B5-9EED-804BDF63BCC7}.Release|x64.Build.0 = Release|Any CPU
		{94CAAEA3-8CA3-45B5-9EED-804BDF63BCC7}.Release|x86.ActiveCfg = Release|Any CPU
		{94CAAEA3-8CA3-45B5-9EED-804BDF63BCC7}.Release|x86.Build.0 = Release|Any CPU
		{1F6D2ABE-31D0-42F0-BA6E-F43E457FD6BD}.Debug|Any CPU.ActiveCfg = Debug|Any CPU
		{1F6D2ABE-31D0-42F0-BA6E-F43E457FD6BD}.Debug|Any CPU.Build.0 = Debug|Any CPU
		{1F6D2ABE-31D0-42F0-BA6E-F43E457FD6BD}.Debug|x64.ActiveCfg = Debug|Any CPU
		{1F6D2ABE-31D0-42F0-BA6E-F43E457FD6BD}.Debug|x64.Build.0 = Debug|Any CPU
		{1F6D2ABE-31D0-42F0-BA6E-F43E457FD6BD}.Debug|x86.ActiveCfg = Debug|Any CPU
		{1F6D2ABE-31D0-42F0-BA6E-F43E457FD6BD}.Debug|x86.Build.0 = Debug|Any CPU
		{1F6D2ABE-31D0-42F0-BA6E-F43E457FD6BD}.Release|Any CPU.ActiveCfg = Release|Any CPU
		{1F6D2ABE-31D0-42F0-BA6E-F43E457FD6BD}.Release|Any CPU.Build.0 = Release|Any CPU
		{1F6D2ABE-31D0-42F0-BA6E-F43E457FD6BD}.Release|x64.ActiveCfg = Release|Any CPU
		{1F6D2ABE-31D0-42F0-BA6E-F43E457FD6BD}.Release|x64.Build.0 = Release|Any CPU
		{1F6D2ABE-31D0-42F0-BA6E-F43E457FD6BD}.Release|x86.ActiveCfg = Release|Any CPU
		{1F6D2ABE-31D0-42F0-BA6E-F43E457FD6BD}.Release|x86.Build.0 = Release|Any CPU
		{931B808F-2620-4B71-9F23-680F3BA90E6B}.Debug|Any CPU.ActiveCfg = Debug|Any CPU
		{931B808F-2620-4B71-9F23-680F3BA90E6B}.Debug|Any CPU.Build.0 = Debug|Any CPU
		{931B808F-2620-4B71-9F23-680F3BA90E6B}.Debug|x64.ActiveCfg = Debug|Any CPU
		{931B808F-2620-4B71-9F23-680F3BA90E6B}.Debug|x64.Build.0 = Debug|Any CPU
		{931B808F-2620-4B71-9F23-680F3BA90E6B}.Debug|x86.ActiveCfg = Debug|Any CPU
		{931B808F-2620-4B71-9F23-680F3BA90E6B}.Debug|x86.Build.0 = Debug|Any CPU
		{931B808F-2620-4B71-9F23-680F3BA90E6B}.Release|Any CPU.ActiveCfg = Release|Any CPU
		{931B808F-2620-4B71-9F23-680F3BA90E6B}.Release|Any CPU.Build.0 = Release|Any CPU
		{931B808F-2620-4B71-9F23-680F3BA90E6B}.Release|x64.ActiveCfg = Release|Any CPU
		{931B808F-2620-4B71-9F23-680F3BA90E6B}.Release|x64.Build.0 = Release|Any CPU
		{931B808F-2620-4B71-9F23-680F3BA90E6B}.Release|x86.ActiveCfg = Release|Any CPU
		{931B808F-2620-4B71-9F23-680F3BA90E6B}.Release|x86.Build.0 = Release|Any CPU
		{811EE95C-ED43-4601-BFAB-E75B41FD263A}.Debug|Any CPU.ActiveCfg = Debug|Any CPU
		{811EE95C-ED43-4601-BFAB-E75B41FD263A}.Debug|Any CPU.Build.0 = Debug|Any CPU
		{811EE95C-ED43-4601-BFAB-E75B41FD263A}.Debug|x64.ActiveCfg = Debug|Any CPU
		{811EE95C-ED43-4601-BFAB-E75B41FD263A}.Debug|x86.ActiveCfg = Debug|Any CPU
		{811EE95C-ED43-4601-BFAB-E75B41FD263A}.Debug|x86.Build.0 = Debug|Any CPU
		{811EE95C-ED43-4601-BFAB-E75B41FD263A}.Release|Any CPU.ActiveCfg = Release|Any CPU
		{811EE95C-ED43-4601-BFAB-E75B41FD263A}.Release|Any CPU.Build.0 = Release|Any CPU
		{811EE95C-ED43-4601-BFAB-E75B41FD263A}.Release|x64.ActiveCfg = Release|Any CPU
		{811EE95C-ED43-4601-BFAB-E75B41FD263A}.Release|x64.Build.0 = Release|Any CPU
		{811EE95C-ED43-4601-BFAB-E75B41FD263A}.Release|x86.ActiveCfg = Release|Any CPU
		{811EE95C-ED43-4601-BFAB-E75B41FD263A}.Release|x86.Build.0 = Release|Any CPU
		{5C818AB4-0B33-4802-933D-11210EB5C229}.Debug|Any CPU.ActiveCfg = Debug|Any CPU
		{5C818AB4-0B33-4802-933D-11210EB5C229}.Debug|Any CPU.Build.0 = Debug|Any CPU
		{5C818AB4-0B33-4802-933D-11210EB5C229}.Debug|x64.ActiveCfg = Debug|Any CPU
		{5C818AB4-0B33-4802-933D-11210EB5C229}.Debug|x64.Build.0 = Debug|Any CPU
		{5C818AB4-0B33-4802-933D-11210EB5C229}.Debug|x86.ActiveCfg = Debug|Any CPU
		{5C818AB4-0B33-4802-933D-11210EB5C229}.Debug|x86.Build.0 = Debug|Any CPU
		{5C818AB4-0B33-4802-933D-11210EB5C229}.Release|Any CPU.ActiveCfg = Release|Any CPU
		{5C818AB4-0B33-4802-933D-11210EB5C229}.Release|Any CPU.Build.0 = Release|Any CPU
		{5C818AB4-0B33-4802-933D-11210EB5C229}.Release|x64.ActiveCfg = Release|Any CPU
		{5C818AB4-0B33-4802-933D-11210EB5C229}.Release|x64.Build.0 = Release|Any CPU
		{5C818AB4-0B33-4802-933D-11210EB5C229}.Release|x86.ActiveCfg = Release|Any CPU
		{5C818AB4-0B33-4802-933D-11210EB5C229}.Release|x86.Build.0 = Release|Any CPU
		{8A097724-9C89-4645-9629-E9FA945E8695}.Debug|Any CPU.ActiveCfg = Debug|Any CPU
		{8A097724-9C89-4645-9629-E9FA945E8695}.Debug|Any CPU.Build.0 = Debug|Any CPU
		{8A097724-9C89-4645-9629-E9FA945E8695}.Debug|x64.ActiveCfg = Debug|Any CPU
		{8A097724-9C89-4645-9629-E9FA945E8695}.Debug|x86.ActiveCfg = Debug|Any CPU
		{8A097724-9C89-4645-9629-E9FA945E8695}.Debug|x86.Build.0 = Debug|Any CPU
		{8A097724-9C89-4645-9629-E9FA945E8695}.Release|Any CPU.ActiveCfg = Release|Any CPU
		{8A097724-9C89-4645-9629-E9FA945E8695}.Release|Any CPU.Build.0 = Release|Any CPU
		{8A097724-9C89-4645-9629-E9FA945E8695}.Release|x64.ActiveCfg = Release|Any CPU
		{8A097724-9C89-4645-9629-E9FA945E8695}.Release|x64.Build.0 = Release|Any CPU
		{8A097724-9C89-4645-9629-E9FA945E8695}.Release|x86.ActiveCfg = Release|Any CPU
		{8A097724-9C89-4645-9629-E9FA945E8695}.Release|x86.Build.0 = Release|Any CPU
		{A22E0D0A-25D7-428F-978C-364C2A4CAE81}.Debug|Any CPU.ActiveCfg = Debug|Any CPU
		{A22E0D0A-25D7-428F-978C-364C2A4CAE81}.Debug|Any CPU.Build.0 = Debug|Any CPU
		{A22E0D0A-25D7-428F-978C-364C2A4CAE81}.Debug|x64.ActiveCfg = Debug|Any CPU
		{A22E0D0A-25D7-428F-978C-364C2A4CAE81}.Debug|x64.Build.0 = Debug|Any CPU
		{A22E0D0A-25D7-428F-978C-364C2A4CAE81}.Debug|x86.ActiveCfg = Debug|Any CPU
		{A22E0D0A-25D7-428F-978C-364C2A4CAE81}.Debug|x86.Build.0 = Debug|Any CPU
		{A22E0D0A-25D7-428F-978C-364C2A4CAE81}.Release|Any CPU.ActiveCfg = Release|Any CPU
		{A22E0D0A-25D7-428F-978C-364C2A4CAE81}.Release|Any CPU.Build.0 = Release|Any CPU
		{A22E0D0A-25D7-428F-978C-364C2A4CAE81}.Release|x64.ActiveCfg = Release|Any CPU
		{A22E0D0A-25D7-428F-978C-364C2A4CAE81}.Release|x64.Build.0 = Release|Any CPU
		{A22E0D0A-25D7-428F-978C-364C2A4CAE81}.Release|x86.ActiveCfg = Release|Any CPU
		{A22E0D0A-25D7-428F-978C-364C2A4CAE81}.Release|x86.Build.0 = Release|Any CPU
		{42D49B3A-5F7B-4242-BC5C-66075496C895}.Debug|Any CPU.ActiveCfg = Debug|Any CPU
		{42D49B3A-5F7B-4242-BC5C-66075496C895}.Debug|Any CPU.Build.0 = Debug|Any CPU
		{42D49B3A-5F7B-4242-BC5C-66075496C895}.Debug|x64.ActiveCfg = Debug|Any CPU
		{42D49B3A-5F7B-4242-BC5C-66075496C895}.Debug|x64.Build.0 = Debug|Any CPU
		{42D49B3A-5F7B-4242-BC5C-66075496C895}.Debug|x86.ActiveCfg = Debug|Any CPU
		{42D49B3A-5F7B-4242-BC5C-66075496C895}.Debug|x86.Build.0 = Debug|Any CPU
		{42D49B3A-5F7B-4242-BC5C-66075496C895}.Release|Any CPU.ActiveCfg = Release|Any CPU
		{42D49B3A-5F7B-4242-BC5C-66075496C895}.Release|Any CPU.Build.0 = Release|Any CPU
		{42D49B3A-5F7B-4242-BC5C-66075496C895}.Release|x64.ActiveCfg = Release|Any CPU
		{42D49B3A-5F7B-4242-BC5C-66075496C895}.Release|x64.Build.0 = Release|Any CPU
		{42D49B3A-5F7B-4242-BC5C-66075496C895}.Release|x86.ActiveCfg = Release|Any CPU
		{42D49B3A-5F7B-4242-BC5C-66075496C895}.Release|x86.Build.0 = Release|Any CPU
		{45AF8573-222B-48CE-A8DE-47EEF7E34004}.Debug|Any CPU.ActiveCfg = Debug|Any CPU
		{45AF8573-222B-48CE-A8DE-47EEF7E34004}.Debug|Any CPU.Build.0 = Debug|Any CPU
		{45AF8573-222B-48CE-A8DE-47EEF7E34004}.Debug|x64.ActiveCfg = Debug|Any CPU
		{45AF8573-222B-48CE-A8DE-47EEF7E34004}.Debug|x64.Build.0 = Debug|Any CPU
		{45AF8573-222B-48CE-A8DE-47EEF7E34004}.Debug|x86.ActiveCfg = Debug|Any CPU
		{45AF8573-222B-48CE-A8DE-47EEF7E34004}.Debug|x86.Build.0 = Debug|Any CPU
		{45AF8573-222B-48CE-A8DE-47EEF7E34004}.Release|Any CPU.ActiveCfg = Release|Any CPU
		{45AF8573-222B-48CE-A8DE-47EEF7E34004}.Release|Any CPU.Build.0 = Release|Any CPU
		{45AF8573-222B-48CE-A8DE-47EEF7E34004}.Release|x64.ActiveCfg = Release|Any CPU
		{45AF8573-222B-48CE-A8DE-47EEF7E34004}.Release|x64.Build.0 = Release|Any CPU
		{45AF8573-222B-48CE-A8DE-47EEF7E34004}.Release|x86.ActiveCfg = Release|Any CPU
		{45AF8573-222B-48CE-A8DE-47EEF7E34004}.Release|x86.Build.0 = Release|Any CPU
		{E64F9A2A-BB55-4098-85D8-14C3A6143DE3}.Debug|Any CPU.ActiveCfg = Debug|Any CPU
		{E64F9A2A-BB55-4098-85D8-14C3A6143DE3}.Debug|Any CPU.Build.0 = Debug|Any CPU
		{E64F9A2A-BB55-4098-85D8-14C3A6143DE3}.Debug|x64.ActiveCfg = Debug|Any CPU
		{E64F9A2A-BB55-4098-85D8-14C3A6143DE3}.Debug|x64.Build.0 = Debug|Any CPU
		{E64F9A2A-BB55-4098-85D8-14C3A6143DE3}.Debug|x86.ActiveCfg = Debug|Any CPU
		{E64F9A2A-BB55-4098-85D8-14C3A6143DE3}.Debug|x86.Build.0 = Debug|Any CPU
		{E64F9A2A-BB55-4098-85D8-14C3A6143DE3}.Release|Any CPU.ActiveCfg = Release|Any CPU
		{E64F9A2A-BB55-4098-85D8-14C3A6143DE3}.Release|Any CPU.Build.0 = Release|Any CPU
		{E64F9A2A-BB55-4098-85D8-14C3A6143DE3}.Release|x64.ActiveCfg = Release|Any CPU
		{E64F9A2A-BB55-4098-85D8-14C3A6143DE3}.Release|x64.Build.0 = Release|Any CPU
		{E64F9A2A-BB55-4098-85D8-14C3A6143DE3}.Release|x86.ActiveCfg = Release|Any CPU
		{E64F9A2A-BB55-4098-85D8-14C3A6143DE3}.Release|x86.Build.0 = Release|Any CPU
		{509262B4-7BDE-484A-965C-71A9CDF3112C}.Debug|Any CPU.ActiveCfg = Debug|Any CPU
		{509262B4-7BDE-484A-965C-71A9CDF3112C}.Debug|Any CPU.Build.0 = Debug|Any CPU
		{509262B4-7BDE-484A-965C-71A9CDF3112C}.Debug|x64.ActiveCfg = Debug|Any CPU
		{509262B4-7BDE-484A-965C-71A9CDF3112C}.Debug|x64.Build.0 = Debug|Any CPU
		{509262B4-7BDE-484A-965C-71A9CDF3112C}.Debug|x86.ActiveCfg = Debug|Any CPU
		{509262B4-7BDE-484A-965C-71A9CDF3112C}.Debug|x86.Build.0 = Debug|Any CPU
		{509262B4-7BDE-484A-965C-71A9CDF3112C}.Release|Any CPU.ActiveCfg = Release|Any CPU
		{509262B4-7BDE-484A-965C-71A9CDF3112C}.Release|Any CPU.Build.0 = Release|Any CPU
		{509262B4-7BDE-484A-965C-71A9CDF3112C}.Release|x64.ActiveCfg = Release|Any CPU
		{509262B4-7BDE-484A-965C-71A9CDF3112C}.Release|x64.Build.0 = Release|Any CPU
		{509262B4-7BDE-484A-965C-71A9CDF3112C}.Release|x86.ActiveCfg = Release|Any CPU
		{509262B4-7BDE-484A-965C-71A9CDF3112C}.Release|x86.Build.0 = Release|Any CPU
		{0D7D0E90-6F5F-4086-8C20-D2AA564DF66C}.Debug|Any CPU.ActiveCfg = Debug|Any CPU
		{0D7D0E90-6F5F-4086-8C20-D2AA564DF66C}.Debug|Any CPU.Build.0 = Debug|Any CPU
		{0D7D0E90-6F5F-4086-8C20-D2AA564DF66C}.Debug|x64.ActiveCfg = Debug|Any CPU
		{0D7D0E90-6F5F-4086-8C20-D2AA564DF66C}.Debug|x64.Build.0 = Debug|Any CPU
		{0D7D0E90-6F5F-4086-8C20-D2AA564DF66C}.Debug|x86.ActiveCfg = Debug|Any CPU
		{0D7D0E90-6F5F-4086-8C20-D2AA564DF66C}.Debug|x86.Build.0 = Debug|Any CPU
		{0D7D0E90-6F5F-4086-8C20-D2AA564DF66C}.Release|Any CPU.ActiveCfg = Release|Any CPU
		{0D7D0E90-6F5F-4086-8C20-D2AA564DF66C}.Release|Any CPU.Build.0 = Release|Any CPU
		{0D7D0E90-6F5F-4086-8C20-D2AA564DF66C}.Release|x64.ActiveCfg = Release|Any CPU
		{0D7D0E90-6F5F-4086-8C20-D2AA564DF66C}.Release|x64.Build.0 = Release|Any CPU
		{0D7D0E90-6F5F-4086-8C20-D2AA564DF66C}.Release|x86.ActiveCfg = Release|Any CPU
		{0D7D0E90-6F5F-4086-8C20-D2AA564DF66C}.Release|x86.Build.0 = Release|Any CPU
		{B4F2391D-5E5F-4F90-9FF1-F5190C517EAA}.Debug|Any CPU.ActiveCfg = Debug|Any CPU
		{B4F2391D-5E5F-4F90-9FF1-F5190C517EAA}.Debug|Any CPU.Build.0 = Debug|Any CPU
		{B4F2391D-5E5F-4F90-9FF1-F5190C517EAA}.Debug|x64.ActiveCfg = Debug|Any CPU
		{B4F2391D-5E5F-4F90-9FF1-F5190C517EAA}.Debug|x64.Build.0 = Debug|Any CPU
		{B4F2391D-5E5F-4F90-9FF1-F5190C517EAA}.Debug|x86.ActiveCfg = Debug|Any CPU
		{B4F2391D-5E5F-4F90-9FF1-F5190C517EAA}.Debug|x86.Build.0 = Debug|Any CPU
		{B4F2391D-5E5F-4F90-9FF1-F5190C517EAA}.Release|Any CPU.ActiveCfg = Release|Any CPU
		{B4F2391D-5E5F-4F90-9FF1-F5190C517EAA}.Release|Any CPU.Build.0 = Release|Any CPU
		{B4F2391D-5E5F-4F90-9FF1-F5190C517EAA}.Release|x64.ActiveCfg = Release|Any CPU
		{B4F2391D-5E5F-4F90-9FF1-F5190C517EAA}.Release|x64.Build.0 = Release|Any CPU
		{B4F2391D-5E5F-4F90-9FF1-F5190C517EAA}.Release|x86.ActiveCfg = Release|Any CPU
		{B4F2391D-5E5F-4F90-9FF1-F5190C517EAA}.Release|x86.Build.0 = Release|Any CPU
		{EA76F9A3-8C86-4D71-AE23-D16CC1F4D734}.Debug|Any CPU.ActiveCfg = Debug|Any CPU
		{EA76F9A3-8C86-4D71-AE23-D16CC1F4D734}.Debug|Any CPU.Build.0 = Debug|Any CPU
		{EA76F9A3-8C86-4D71-AE23-D16CC1F4D734}.Debug|x64.ActiveCfg = Debug|Any CPU
		{EA76F9A3-8C86-4D71-AE23-D16CC1F4D734}.Debug|x64.Build.0 = Debug|Any CPU
		{EA76F9A3-8C86-4D71-AE23-D16CC1F4D734}.Debug|x86.ActiveCfg = Debug|Any CPU
		{EA76F9A3-8C86-4D71-AE23-D16CC1F4D734}.Debug|x86.Build.0 = Debug|Any CPU
		{EA76F9A3-8C86-4D71-AE23-D16CC1F4D734}.Release|Any CPU.ActiveCfg = Release|Any CPU
		{EA76F9A3-8C86-4D71-AE23-D16CC1F4D734}.Release|Any CPU.Build.0 = Release|Any CPU
		{EA76F9A3-8C86-4D71-AE23-D16CC1F4D734}.Release|x64.ActiveCfg = Release|Any CPU
		{EA76F9A3-8C86-4D71-AE23-D16CC1F4D734}.Release|x64.Build.0 = Release|Any CPU
		{EA76F9A3-8C86-4D71-AE23-D16CC1F4D734}.Release|x86.ActiveCfg = Release|Any CPU
		{EA76F9A3-8C86-4D71-AE23-D16CC1F4D734}.Release|x86.Build.0 = Release|Any CPU
		{B9203B9C-1FDD-4314-8447-C518B14CBB62}.Debug|Any CPU.ActiveCfg = Debug|Any CPU
		{B9203B9C-1FDD-4314-8447-C518B14CBB62}.Debug|Any CPU.Build.0 = Debug|Any CPU
		{B9203B9C-1FDD-4314-8447-C518B14CBB62}.Debug|x64.ActiveCfg = Debug|Any CPU
		{B9203B9C-1FDD-4314-8447-C518B14CBB62}.Debug|x64.Build.0 = Debug|Any CPU
		{B9203B9C-1FDD-4314-8447-C518B14CBB62}.Debug|x86.ActiveCfg = Debug|Any CPU
		{B9203B9C-1FDD-4314-8447-C518B14CBB62}.Debug|x86.Build.0 = Debug|Any CPU
		{B9203B9C-1FDD-4314-8447-C518B14CBB62}.Release|Any CPU.ActiveCfg = Release|Any CPU
		{B9203B9C-1FDD-4314-8447-C518B14CBB62}.Release|Any CPU.Build.0 = Release|Any CPU
		{B9203B9C-1FDD-4314-8447-C518B14CBB62}.Release|x64.ActiveCfg = Release|Any CPU
		{B9203B9C-1FDD-4314-8447-C518B14CBB62}.Release|x64.Build.0 = Release|Any CPU
		{B9203B9C-1FDD-4314-8447-C518B14CBB62}.Release|x86.ActiveCfg = Release|Any CPU
		{B9203B9C-1FDD-4314-8447-C518B14CBB62}.Release|x86.Build.0 = Release|Any CPU
		{FAEEB581-1876-45EC-BA54-F64682B10B30}.Debug|Any CPU.ActiveCfg = Debug|Any CPU
		{FAEEB581-1876-45EC-BA54-F64682B10B30}.Debug|Any CPU.Build.0 = Debug|Any CPU
		{FAEEB581-1876-45EC-BA54-F64682B10B30}.Debug|x64.ActiveCfg = Debug|Any CPU
		{FAEEB581-1876-45EC-BA54-F64682B10B30}.Debug|x64.Build.0 = Debug|Any CPU
		{FAEEB581-1876-45EC-BA54-F64682B10B30}.Debug|x86.ActiveCfg = Debug|Any CPU
		{FAEEB581-1876-45EC-BA54-F64682B10B30}.Debug|x86.Build.0 = Debug|Any CPU
		{FAEEB581-1876-45EC-BA54-F64682B10B30}.Release|Any CPU.ActiveCfg = Release|Any CPU
		{FAEEB581-1876-45EC-BA54-F64682B10B30}.Release|Any CPU.Build.0 = Release|Any CPU
		{FAEEB581-1876-45EC-BA54-F64682B10B30}.Release|x64.ActiveCfg = Release|Any CPU
		{FAEEB581-1876-45EC-BA54-F64682B10B30}.Release|x64.Build.0 = Release|Any CPU
		{FAEEB581-1876-45EC-BA54-F64682B10B30}.Release|x86.ActiveCfg = Release|Any CPU
		{FAEEB581-1876-45EC-BA54-F64682B10B30}.Release|x86.Build.0 = Release|Any CPU
		{2999CBC5-8FAA-462B-BDB6-40A0A714A7FE}.Debug|Any CPU.ActiveCfg = Debug|Any CPU
		{2999CBC5-8FAA-462B-BDB6-40A0A714A7FE}.Debug|Any CPU.Build.0 = Debug|Any CPU
		{2999CBC5-8FAA-462B-BDB6-40A0A714A7FE}.Debug|x64.ActiveCfg = Debug|Any CPU
		{2999CBC5-8FAA-462B-BDB6-40A0A714A7FE}.Debug|x64.Build.0 = Debug|Any CPU
		{2999CBC5-8FAA-462B-BDB6-40A0A714A7FE}.Debug|x86.ActiveCfg = Debug|Any CPU
		{2999CBC5-8FAA-462B-BDB6-40A0A714A7FE}.Debug|x86.Build.0 = Debug|Any CPU
		{2999CBC5-8FAA-462B-BDB6-40A0A714A7FE}.Release|Any CPU.ActiveCfg = Release|Any CPU
		{2999CBC5-8FAA-462B-BDB6-40A0A714A7FE}.Release|Any CPU.Build.0 = Release|Any CPU
		{2999CBC5-8FAA-462B-BDB6-40A0A714A7FE}.Release|x64.ActiveCfg = Release|Any CPU
		{2999CBC5-8FAA-462B-BDB6-40A0A714A7FE}.Release|x64.Build.0 = Release|Any CPU
		{2999CBC5-8FAA-462B-BDB6-40A0A714A7FE}.Release|x86.ActiveCfg = Release|Any CPU
		{2999CBC5-8FAA-462B-BDB6-40A0A714A7FE}.Release|x86.Build.0 = Release|Any CPU
		{1AFE591B-D68E-41C2-AEE0-48F40C5F57F4}.Debug|Any CPU.ActiveCfg = Debug|Any CPU
		{1AFE591B-D68E-41C2-AEE0-48F40C5F57F4}.Debug|Any CPU.Build.0 = Debug|Any CPU
		{1AFE591B-D68E-41C2-AEE0-48F40C5F57F4}.Debug|x64.ActiveCfg = Debug|Any CPU
		{1AFE591B-D68E-41C2-AEE0-48F40C5F57F4}.Debug|x64.Build.0 = Debug|Any CPU
		{1AFE591B-D68E-41C2-AEE0-48F40C5F57F4}.Debug|x86.ActiveCfg = Debug|Any CPU
		{1AFE591B-D68E-41C2-AEE0-48F40C5F57F4}.Debug|x86.Build.0 = Debug|Any CPU
		{1AFE591B-D68E-41C2-AEE0-48F40C5F57F4}.Release|Any CPU.ActiveCfg = Release|Any CPU
		{1AFE591B-D68E-41C2-AEE0-48F40C5F57F4}.Release|Any CPU.Build.0 = Release|Any CPU
		{1AFE591B-D68E-41C2-AEE0-48F40C5F57F4}.Release|x64.ActiveCfg = Release|Any CPU
		{1AFE591B-D68E-41C2-AEE0-48F40C5F57F4}.Release|x64.Build.0 = Release|Any CPU
		{1AFE591B-D68E-41C2-AEE0-48F40C5F57F4}.Release|x86.ActiveCfg = Release|Any CPU
		{1AFE591B-D68E-41C2-AEE0-48F40C5F57F4}.Release|x86.Build.0 = Release|Any CPU
		{3D01E97B-50EC-4522-AF2A-5F28D01A69CE}.Debug|Any CPU.ActiveCfg = Debug|Any CPU
		{3D01E97B-50EC-4522-AF2A-5F28D01A69CE}.Debug|Any CPU.Build.0 = Debug|Any CPU
		{3D01E97B-50EC-4522-AF2A-5F28D01A69CE}.Debug|x64.ActiveCfg = Debug|Any CPU
		{3D01E97B-50EC-4522-AF2A-5F28D01A69CE}.Debug|x64.Build.0 = Debug|Any CPU
		{3D01E97B-50EC-4522-AF2A-5F28D01A69CE}.Debug|x86.ActiveCfg = Debug|Any CPU
		{3D01E97B-50EC-4522-AF2A-5F28D01A69CE}.Debug|x86.Build.0 = Debug|Any CPU
		{3D01E97B-50EC-4522-AF2A-5F28D01A69CE}.Release|Any CPU.ActiveCfg = Release|Any CPU
		{3D01E97B-50EC-4522-AF2A-5F28D01A69CE}.Release|Any CPU.Build.0 = Release|Any CPU
		{3D01E97B-50EC-4522-AF2A-5F28D01A69CE}.Release|x64.ActiveCfg = Release|Any CPU
		{3D01E97B-50EC-4522-AF2A-5F28D01A69CE}.Release|x64.Build.0 = Release|Any CPU
		{3D01E97B-50EC-4522-AF2A-5F28D01A69CE}.Release|x86.ActiveCfg = Release|Any CPU
		{3D01E97B-50EC-4522-AF2A-5F28D01A69CE}.Release|x86.Build.0 = Release|Any CPU
		{5A4AA156-21EF-4172-A16E-0A8829293837}.Debug|Any CPU.ActiveCfg = Debug|Any CPU
		{5A4AA156-21EF-4172-A16E-0A8829293837}.Debug|Any CPU.Build.0 = Debug|Any CPU
		{5A4AA156-21EF-4172-A16E-0A8829293837}.Debug|x64.ActiveCfg = Debug|Any CPU
		{5A4AA156-21EF-4172-A16E-0A8829293837}.Debug|x64.Build.0 = Debug|Any CPU
		{5A4AA156-21EF-4172-A16E-0A8829293837}.Debug|x86.ActiveCfg = Debug|Any CPU
		{5A4AA156-21EF-4172-A16E-0A8829293837}.Debug|x86.Build.0 = Debug|Any CPU
		{5A4AA156-21EF-4172-A16E-0A8829293837}.Release|Any CPU.ActiveCfg = Release|Any CPU
		{5A4AA156-21EF-4172-A16E-0A8829293837}.Release|Any CPU.Build.0 = Release|Any CPU
		{5A4AA156-21EF-4172-A16E-0A8829293837}.Release|x64.ActiveCfg = Release|Any CPU
		{5A4AA156-21EF-4172-A16E-0A8829293837}.Release|x64.Build.0 = Release|Any CPU
		{5A4AA156-21EF-4172-A16E-0A8829293837}.Release|x86.ActiveCfg = Release|Any CPU
		{5A4AA156-21EF-4172-A16E-0A8829293837}.Release|x86.Build.0 = Release|Any CPU
		{0641FF64-0338-47FA-B75B-BC7CEC1C711B}.Debug|Any CPU.ActiveCfg = Debug|Any CPU
		{0641FF64-0338-47FA-B75B-BC7CEC1C711B}.Debug|Any CPU.Build.0 = Debug|Any CPU
		{0641FF64-0338-47FA-B75B-BC7CEC1C711B}.Debug|x64.ActiveCfg = Debug|Any CPU
		{0641FF64-0338-47FA-B75B-BC7CEC1C711B}.Debug|x64.Build.0 = Debug|Any CPU
		{0641FF64-0338-47FA-B75B-BC7CEC1C711B}.Debug|x86.ActiveCfg = Debug|Any CPU
		{0641FF64-0338-47FA-B75B-BC7CEC1C711B}.Debug|x86.Build.0 = Debug|Any CPU
		{0641FF64-0338-47FA-B75B-BC7CEC1C711B}.Release|Any CPU.ActiveCfg = Release|Any CPU
		{0641FF64-0338-47FA-B75B-BC7CEC1C711B}.Release|Any CPU.Build.0 = Release|Any CPU
		{0641FF64-0338-47FA-B75B-BC7CEC1C711B}.Release|x64.ActiveCfg = Release|Any CPU
		{0641FF64-0338-47FA-B75B-BC7CEC1C711B}.Release|x64.Build.0 = Release|Any CPU
		{0641FF64-0338-47FA-B75B-BC7CEC1C711B}.Release|x86.ActiveCfg = Release|Any CPU
		{0641FF64-0338-47FA-B75B-BC7CEC1C711B}.Release|x86.Build.0 = Release|Any CPU
		{55668A03-185C-454C-9D95-0E33B1B1FF02}.Debug|Any CPU.ActiveCfg = Debug|Any CPU
		{55668A03-185C-454C-9D95-0E33B1B1FF02}.Debug|Any CPU.Build.0 = Debug|Any CPU
		{55668A03-185C-454C-9D95-0E33B1B1FF02}.Debug|x64.ActiveCfg = Debug|Any CPU
		{55668A03-185C-454C-9D95-0E33B1B1FF02}.Debug|x64.Build.0 = Debug|Any CPU
		{55668A03-185C-454C-9D95-0E33B1B1FF02}.Debug|x86.ActiveCfg = Debug|Any CPU
		{55668A03-185C-454C-9D95-0E33B1B1FF02}.Debug|x86.Build.0 = Debug|Any CPU
		{55668A03-185C-454C-9D95-0E33B1B1FF02}.Release|Any CPU.ActiveCfg = Release|Any CPU
		{55668A03-185C-454C-9D95-0E33B1B1FF02}.Release|Any CPU.Build.0 = Release|Any CPU
		{55668A03-185C-454C-9D95-0E33B1B1FF02}.Release|x64.ActiveCfg = Release|Any CPU
		{55668A03-185C-454C-9D95-0E33B1B1FF02}.Release|x64.Build.0 = Release|Any CPU
		{55668A03-185C-454C-9D95-0E33B1B1FF02}.Release|x86.ActiveCfg = Release|Any CPU
		{55668A03-185C-454C-9D95-0E33B1B1FF02}.Release|x86.Build.0 = Release|Any CPU
		{7F9613B2-CC50-4C21-B0A0-9FCDDB4E0DDE}.Debug|Any CPU.ActiveCfg = Debug|Any CPU
		{7F9613B2-CC50-4C21-B0A0-9FCDDB4E0DDE}.Debug|Any CPU.Build.0 = Debug|Any CPU
		{7F9613B2-CC50-4C21-B0A0-9FCDDB4E0DDE}.Debug|x64.ActiveCfg = Debug|Any CPU
		{7F9613B2-CC50-4C21-B0A0-9FCDDB4E0DDE}.Debug|x64.Build.0 = Debug|Any CPU
		{7F9613B2-CC50-4C21-B0A0-9FCDDB4E0DDE}.Debug|x86.ActiveCfg = Debug|Any CPU
		{7F9613B2-CC50-4C21-B0A0-9FCDDB4E0DDE}.Debug|x86.Build.0 = Debug|Any CPU
		{7F9613B2-CC50-4C21-B0A0-9FCDDB4E0DDE}.Release|Any CPU.ActiveCfg = Release|Any CPU
		{7F9613B2-CC50-4C21-B0A0-9FCDDB4E0DDE}.Release|Any CPU.Build.0 = Release|Any CPU
		{7F9613B2-CC50-4C21-B0A0-9FCDDB4E0DDE}.Release|x64.ActiveCfg = Release|Any CPU
		{7F9613B2-CC50-4C21-B0A0-9FCDDB4E0DDE}.Release|x64.Build.0 = Release|Any CPU
		{7F9613B2-CC50-4C21-B0A0-9FCDDB4E0DDE}.Release|x86.ActiveCfg = Release|Any CPU
		{7F9613B2-CC50-4C21-B0A0-9FCDDB4E0DDE}.Release|x86.Build.0 = Release|Any CPU
		{9A1E9DB1-159B-418F-BB99-C2A5B5F1EBFE}.Debug|Any CPU.ActiveCfg = Debug|Any CPU
		{9A1E9DB1-159B-418F-BB99-C2A5B5F1EBFE}.Debug|Any CPU.Build.0 = Debug|Any CPU
		{9A1E9DB1-159B-418F-BB99-C2A5B5F1EBFE}.Debug|x64.ActiveCfg = Debug|Any CPU
		{9A1E9DB1-159B-418F-BB99-C2A5B5F1EBFE}.Debug|x64.Build.0 = Debug|Any CPU
		{9A1E9DB1-159B-418F-BB99-C2A5B5F1EBFE}.Debug|x86.ActiveCfg = Debug|Any CPU
		{9A1E9DB1-159B-418F-BB99-C2A5B5F1EBFE}.Debug|x86.Build.0 = Debug|Any CPU
		{9A1E9DB1-159B-418F-BB99-C2A5B5F1EBFE}.Release|Any CPU.ActiveCfg = Release|Any CPU
		{9A1E9DB1-159B-418F-BB99-C2A5B5F1EBFE}.Release|Any CPU.Build.0 = Release|Any CPU
		{9A1E9DB1-159B-418F-BB99-C2A5B5F1EBFE}.Release|x64.ActiveCfg = Release|Any CPU
		{9A1E9DB1-159B-418F-BB99-C2A5B5F1EBFE}.Release|x64.Build.0 = Release|Any CPU
		{9A1E9DB1-159B-418F-BB99-C2A5B5F1EBFE}.Release|x86.ActiveCfg = Release|Any CPU
		{9A1E9DB1-159B-418F-BB99-C2A5B5F1EBFE}.Release|x86.Build.0 = Release|Any CPU
		{5C63743C-C56F-4E1D-A53A-FAAC5591150C}.Debug|Any CPU.ActiveCfg = Debug|Any CPU
		{5C63743C-C56F-4E1D-A53A-FAAC5591150C}.Debug|Any CPU.Build.0 = Debug|Any CPU
		{5C63743C-C56F-4E1D-A53A-FAAC5591150C}.Debug|x64.ActiveCfg = Debug|Any CPU
		{5C63743C-C56F-4E1D-A53A-FAAC5591150C}.Debug|x64.Build.0 = Debug|Any CPU
		{5C63743C-C56F-4E1D-A53A-FAAC5591150C}.Debug|x86.ActiveCfg = Debug|Any CPU
		{5C63743C-C56F-4E1D-A53A-FAAC5591150C}.Debug|x86.Build.0 = Debug|Any CPU
		{5C63743C-C56F-4E1D-A53A-FAAC5591150C}.Release|Any CPU.ActiveCfg = Release|Any CPU
		{5C63743C-C56F-4E1D-A53A-FAAC5591150C}.Release|Any CPU.Build.0 = Release|Any CPU
		{5C63743C-C56F-4E1D-A53A-FAAC5591150C}.Release|x64.ActiveCfg = Release|Any CPU
		{5C63743C-C56F-4E1D-A53A-FAAC5591150C}.Release|x64.Build.0 = Release|Any CPU
		{5C63743C-C56F-4E1D-A53A-FAAC5591150C}.Release|x86.ActiveCfg = Release|Any CPU
		{5C63743C-C56F-4E1D-A53A-FAAC5591150C}.Release|x86.Build.0 = Release|Any CPU
		{BD0B742C-1A99-449B-82C2-462580387B87}.Debug|Any CPU.ActiveCfg = Debug|Any CPU
		{BD0B742C-1A99-449B-82C2-462580387B87}.Debug|Any CPU.Build.0 = Debug|Any CPU
		{BD0B742C-1A99-449B-82C2-462580387B87}.Debug|x64.ActiveCfg = Debug|Any CPU
		{BD0B742C-1A99-449B-82C2-462580387B87}.Debug|x64.Build.0 = Debug|Any CPU
		{BD0B742C-1A99-449B-82C2-462580387B87}.Debug|x86.ActiveCfg = Debug|Any CPU
		{BD0B742C-1A99-449B-82C2-462580387B87}.Debug|x86.Build.0 = Debug|Any CPU
		{BD0B742C-1A99-449B-82C2-462580387B87}.Release|Any CPU.ActiveCfg = Release|Any CPU
		{BD0B742C-1A99-449B-82C2-462580387B87}.Release|Any CPU.Build.0 = Release|Any CPU
		{BD0B742C-1A99-449B-82C2-462580387B87}.Release|x64.ActiveCfg = Release|Any CPU
		{BD0B742C-1A99-449B-82C2-462580387B87}.Release|x64.Build.0 = Release|Any CPU
		{BD0B742C-1A99-449B-82C2-462580387B87}.Release|x86.ActiveCfg = Release|Any CPU
		{BD0B742C-1A99-449B-82C2-462580387B87}.Release|x86.Build.0 = Release|Any CPU
		{46092673-766C-4894-BC39-834155C93044}.Debug|Any CPU.ActiveCfg = Debug|Any CPU
		{46092673-766C-4894-BC39-834155C93044}.Debug|Any CPU.Build.0 = Debug|Any CPU
		{46092673-766C-4894-BC39-834155C93044}.Debug|x64.ActiveCfg = Debug|Any CPU
		{46092673-766C-4894-BC39-834155C93044}.Debug|x64.Build.0 = Debug|Any CPU
		{46092673-766C-4894-BC39-834155C93044}.Debug|x86.ActiveCfg = Debug|Any CPU
		{46092673-766C-4894-BC39-834155C93044}.Debug|x86.Build.0 = Debug|Any CPU
		{46092673-766C-4894-BC39-834155C93044}.Release|Any CPU.ActiveCfg = Release|Any CPU
		{46092673-766C-4894-BC39-834155C93044}.Release|Any CPU.Build.0 = Release|Any CPU
		{46092673-766C-4894-BC39-834155C93044}.Release|x64.ActiveCfg = Release|Any CPU
		{46092673-766C-4894-BC39-834155C93044}.Release|x64.Build.0 = Release|Any CPU
		{46092673-766C-4894-BC39-834155C93044}.Release|x86.ActiveCfg = Release|Any CPU
		{46092673-766C-4894-BC39-834155C93044}.Release|x86.Build.0 = Release|Any CPU
		{BDF73BFC-9E2F-4999-B49F-2EB6D9D126F2}.Debug|Any CPU.ActiveCfg = Debug|Any CPU
		{BDF73BFC-9E2F-4999-B49F-2EB6D9D126F2}.Debug|Any CPU.Build.0 = Debug|Any CPU
		{BDF73BFC-9E2F-4999-B49F-2EB6D9D126F2}.Debug|x64.ActiveCfg = Debug|Any CPU
		{BDF73BFC-9E2F-4999-B49F-2EB6D9D126F2}.Debug|x64.Build.0 = Debug|Any CPU
		{BDF73BFC-9E2F-4999-B49F-2EB6D9D126F2}.Debug|x86.ActiveCfg = Debug|Any CPU
		{BDF73BFC-9E2F-4999-B49F-2EB6D9D126F2}.Debug|x86.Build.0 = Debug|Any CPU
		{BDF73BFC-9E2F-4999-B49F-2EB6D9D126F2}.Release|Any CPU.ActiveCfg = Release|Any CPU
		{BDF73BFC-9E2F-4999-B49F-2EB6D9D126F2}.Release|Any CPU.Build.0 = Release|Any CPU
		{BDF73BFC-9E2F-4999-B49F-2EB6D9D126F2}.Release|x64.ActiveCfg = Release|Any CPU
		{BDF73BFC-9E2F-4999-B49F-2EB6D9D126F2}.Release|x64.Build.0 = Release|Any CPU
		{BDF73BFC-9E2F-4999-B49F-2EB6D9D126F2}.Release|x86.ActiveCfg = Release|Any CPU
		{BDF73BFC-9E2F-4999-B49F-2EB6D9D126F2}.Release|x86.Build.0 = Release|Any CPU
		{BBE0E231-C780-4DA1-8564-4E4A5C9C7AB1}.Debug|Any CPU.ActiveCfg = Debug|Any CPU
		{BBE0E231-C780-4DA1-8564-4E4A5C9C7AB1}.Debug|Any CPU.Build.0 = Debug|Any CPU
		{BBE0E231-C780-4DA1-8564-4E4A5C9C7AB1}.Debug|x64.ActiveCfg = Debug|Any CPU
		{BBE0E231-C780-4DA1-8564-4E4A5C9C7AB1}.Debug|x64.Build.0 = Debug|Any CPU
		{BBE0E231-C780-4DA1-8564-4E4A5C9C7AB1}.Debug|x86.ActiveCfg = Debug|Any CPU
		{BBE0E231-C780-4DA1-8564-4E4A5C9C7AB1}.Debug|x86.Build.0 = Debug|Any CPU
		{BBE0E231-C780-4DA1-8564-4E4A5C9C7AB1}.Release|Any CPU.ActiveCfg = Release|Any CPU
		{BBE0E231-C780-4DA1-8564-4E4A5C9C7AB1}.Release|Any CPU.Build.0 = Release|Any CPU
		{BBE0E231-C780-4DA1-8564-4E4A5C9C7AB1}.Release|x64.ActiveCfg = Release|Any CPU
		{BBE0E231-C780-4DA1-8564-4E4A5C9C7AB1}.Release|x64.Build.0 = Release|Any CPU
		{BBE0E231-C780-4DA1-8564-4E4A5C9C7AB1}.Release|x86.ActiveCfg = Release|Any CPU
		{BBE0E231-C780-4DA1-8564-4E4A5C9C7AB1}.Release|x86.Build.0 = Release|Any CPU
		{AB819FD2-1C01-411B-8ACA-F8C7479362BA}.Debug|Any CPU.ActiveCfg = Debug|Any CPU
		{AB819FD2-1C01-411B-8ACA-F8C7479362BA}.Debug|Any CPU.Build.0 = Debug|Any CPU
		{AB819FD2-1C01-411B-8ACA-F8C7479362BA}.Debug|x64.ActiveCfg = Debug|Any CPU
		{AB819FD2-1C01-411B-8ACA-F8C7479362BA}.Debug|x64.Build.0 = Debug|Any CPU
		{AB819FD2-1C01-411B-8ACA-F8C7479362BA}.Debug|x86.ActiveCfg = Debug|Any CPU
		{AB819FD2-1C01-411B-8ACA-F8C7479362BA}.Debug|x86.Build.0 = Debug|Any CPU
		{AB819FD2-1C01-411B-8ACA-F8C7479362BA}.Release|Any CPU.ActiveCfg = Release|Any CPU
		{AB819FD2-1C01-411B-8ACA-F8C7479362BA}.Release|Any CPU.Build.0 = Release|Any CPU
		{AB819FD2-1C01-411B-8ACA-F8C7479362BA}.Release|x64.ActiveCfg = Release|Any CPU
		{AB819FD2-1C01-411B-8ACA-F8C7479362BA}.Release|x64.Build.0 = Release|Any CPU
		{AB819FD2-1C01-411B-8ACA-F8C7479362BA}.Release|x86.ActiveCfg = Release|Any CPU
		{AB819FD2-1C01-411B-8ACA-F8C7479362BA}.Release|x86.Build.0 = Release|Any CPU
		{5FE8AD75-B070-4A7F-9587-C40EE51BDD44}.Debug|Any CPU.ActiveCfg = Debug|Any CPU
		{5FE8AD75-B070-4A7F-9587-C40EE51BDD44}.Debug|Any CPU.Build.0 = Debug|Any CPU
		{5FE8AD75-B070-4A7F-9587-C40EE51BDD44}.Debug|x64.ActiveCfg = Debug|Any CPU
		{5FE8AD75-B070-4A7F-9587-C40EE51BDD44}.Debug|x64.Build.0 = Debug|Any CPU
		{5FE8AD75-B070-4A7F-9587-C40EE51BDD44}.Debug|x86.ActiveCfg = Debug|Any CPU
		{5FE8AD75-B070-4A7F-9587-C40EE51BDD44}.Debug|x86.Build.0 = Debug|Any CPU
		{5FE8AD75-B070-4A7F-9587-C40EE51BDD44}.Release|Any CPU.ActiveCfg = Release|Any CPU
		{5FE8AD75-B070-4A7F-9587-C40EE51BDD44}.Release|Any CPU.Build.0 = Release|Any CPU
		{5FE8AD75-B070-4A7F-9587-C40EE51BDD44}.Release|x64.ActiveCfg = Release|Any CPU
		{5FE8AD75-B070-4A7F-9587-C40EE51BDD44}.Release|x64.Build.0 = Release|Any CPU
		{5FE8AD75-B070-4A7F-9587-C40EE51BDD44}.Release|x86.ActiveCfg = Release|Any CPU
		{5FE8AD75-B070-4A7F-9587-C40EE51BDD44}.Release|x86.Build.0 = Release|Any CPU
		{EC6283B8-58C2-41FF-80C6-0C5C7A402541}.Debug|Any CPU.ActiveCfg = Debug|Any CPU
		{EC6283B8-58C2-41FF-80C6-0C5C7A402541}.Debug|Any CPU.Build.0 = Debug|Any CPU
		{EC6283B8-58C2-41FF-80C6-0C5C7A402541}.Debug|x64.ActiveCfg = Debug|Any CPU
		{EC6283B8-58C2-41FF-80C6-0C5C7A402541}.Debug|x64.Build.0 = Debug|Any CPU
		{EC6283B8-58C2-41FF-80C6-0C5C7A402541}.Debug|x86.ActiveCfg = Debug|Any CPU
		{EC6283B8-58C2-41FF-80C6-0C5C7A402541}.Debug|x86.Build.0 = Debug|Any CPU
		{EC6283B8-58C2-41FF-80C6-0C5C7A402541}.Release|Any CPU.ActiveCfg = Release|Any CPU
		{EC6283B8-58C2-41FF-80C6-0C5C7A402541}.Release|Any CPU.Build.0 = Release|Any CPU
		{EC6283B8-58C2-41FF-80C6-0C5C7A402541}.Release|x64.ActiveCfg = Release|Any CPU
		{EC6283B8-58C2-41FF-80C6-0C5C7A402541}.Release|x64.Build.0 = Release|Any CPU
		{EC6283B8-58C2-41FF-80C6-0C5C7A402541}.Release|x86.ActiveCfg = Release|Any CPU
		{EC6283B8-58C2-41FF-80C6-0C5C7A402541}.Release|x86.Build.0 = Release|Any CPU
		{22D242EB-8113-49E3-8CC9-03A41E3B185E}.Debug|Any CPU.ActiveCfg = Debug|Any CPU
		{22D242EB-8113-49E3-8CC9-03A41E3B185E}.Debug|Any CPU.Build.0 = Debug|Any CPU
		{22D242EB-8113-49E3-8CC9-03A41E3B185E}.Debug|x64.ActiveCfg = Debug|Any CPU
		{22D242EB-8113-49E3-8CC9-03A41E3B185E}.Debug|x64.Build.0 = Debug|Any CPU
		{22D242EB-8113-49E3-8CC9-03A41E3B185E}.Debug|x86.ActiveCfg = Debug|Any CPU
		{22D242EB-8113-49E3-8CC9-03A41E3B185E}.Debug|x86.Build.0 = Debug|Any CPU
		{22D242EB-8113-49E3-8CC9-03A41E3B185E}.Release|Any CPU.ActiveCfg = Release|Any CPU
		{22D242EB-8113-49E3-8CC9-03A41E3B185E}.Release|Any CPU.Build.0 = Release|Any CPU
		{22D242EB-8113-49E3-8CC9-03A41E3B185E}.Release|x64.ActiveCfg = Release|Any CPU
		{22D242EB-8113-49E3-8CC9-03A41E3B185E}.Release|x64.Build.0 = Release|Any CPU
		{22D242EB-8113-49E3-8CC9-03A41E3B185E}.Release|x86.ActiveCfg = Release|Any CPU
		{22D242EB-8113-49E3-8CC9-03A41E3B185E}.Release|x86.Build.0 = Release|Any CPU
		{07234EAC-B32F-4769-A4C5-83209A858829}.Debug|Any CPU.ActiveCfg = Debug|Any CPU
		{07234EAC-B32F-4769-A4C5-83209A858829}.Debug|Any CPU.Build.0 = Debug|Any CPU
		{07234EAC-B32F-4769-A4C5-83209A858829}.Debug|x64.ActiveCfg = Debug|Any CPU
		{07234EAC-B32F-4769-A4C5-83209A858829}.Debug|x64.Build.0 = Debug|Any CPU
		{07234EAC-B32F-4769-A4C5-83209A858829}.Debug|x86.ActiveCfg = Debug|Any CPU
		{07234EAC-B32F-4769-A4C5-83209A858829}.Debug|x86.Build.0 = Debug|Any CPU
		{07234EAC-B32F-4769-A4C5-83209A858829}.Release|Any CPU.ActiveCfg = Release|Any CPU
		{07234EAC-B32F-4769-A4C5-83209A858829}.Release|Any CPU.Build.0 = Release|Any CPU
		{07234EAC-B32F-4769-A4C5-83209A858829}.Release|x64.ActiveCfg = Release|Any CPU
		{07234EAC-B32F-4769-A4C5-83209A858829}.Release|x64.Build.0 = Release|Any CPU
		{07234EAC-B32F-4769-A4C5-83209A858829}.Release|x86.ActiveCfg = Release|Any CPU
		{07234EAC-B32F-4769-A4C5-83209A858829}.Release|x86.Build.0 = Release|Any CPU
		{8EBA64E3-198D-4456-B9BF-D7EF9BD2CBCE}.Debug|Any CPU.ActiveCfg = Debug|Any CPU
		{8EBA64E3-198D-4456-B9BF-D7EF9BD2CBCE}.Debug|Any CPU.Build.0 = Debug|Any CPU
		{8EBA64E3-198D-4456-B9BF-D7EF9BD2CBCE}.Debug|x64.ActiveCfg = Debug|Any CPU
		{8EBA64E3-198D-4456-B9BF-D7EF9BD2CBCE}.Debug|x64.Build.0 = Debug|Any CPU
		{8EBA64E3-198D-4456-B9BF-D7EF9BD2CBCE}.Debug|x86.ActiveCfg = Debug|Any CPU
		{8EBA64E3-198D-4456-B9BF-D7EF9BD2CBCE}.Debug|x86.Build.0 = Debug|Any CPU
		{8EBA64E3-198D-4456-B9BF-D7EF9BD2CBCE}.Release|Any CPU.ActiveCfg = Release|Any CPU
		{8EBA64E3-198D-4456-B9BF-D7EF9BD2CBCE}.Release|Any CPU.Build.0 = Release|Any CPU
		{8EBA64E3-198D-4456-B9BF-D7EF9BD2CBCE}.Release|x64.ActiveCfg = Release|Any CPU
		{8EBA64E3-198D-4456-B9BF-D7EF9BD2CBCE}.Release|x64.Build.0 = Release|Any CPU
		{8EBA64E3-198D-4456-B9BF-D7EF9BD2CBCE}.Release|x86.ActiveCfg = Release|Any CPU
		{8EBA64E3-198D-4456-B9BF-D7EF9BD2CBCE}.Release|x86.Build.0 = Release|Any CPU
		{003702D8-E922-4539-80D4-15AAB22FF29D}.Debug|Any CPU.ActiveCfg = Debug|Any CPU
		{003702D8-E922-4539-80D4-15AAB22FF29D}.Debug|Any CPU.Build.0 = Debug|Any CPU
		{003702D8-E922-4539-80D4-15AAB22FF29D}.Debug|x64.ActiveCfg = Debug|Any CPU
		{003702D8-E922-4539-80D4-15AAB22FF29D}.Debug|x64.Build.0 = Debug|Any CPU
		{003702D8-E922-4539-80D4-15AAB22FF29D}.Debug|x86.ActiveCfg = Debug|Any CPU
		{003702D8-E922-4539-80D4-15AAB22FF29D}.Debug|x86.Build.0 = Debug|Any CPU
		{003702D8-E922-4539-80D4-15AAB22FF29D}.Release|Any CPU.ActiveCfg = Release|Any CPU
		{003702D8-E922-4539-80D4-15AAB22FF29D}.Release|Any CPU.Build.0 = Release|Any CPU
		{003702D8-E922-4539-80D4-15AAB22FF29D}.Release|x64.ActiveCfg = Release|Any CPU
		{003702D8-E922-4539-80D4-15AAB22FF29D}.Release|x64.Build.0 = Release|Any CPU
		{003702D8-E922-4539-80D4-15AAB22FF29D}.Release|x86.ActiveCfg = Release|Any CPU
		{003702D8-E922-4539-80D4-15AAB22FF29D}.Release|x86.Build.0 = Release|Any CPU
		{BD8A06F9-81A4-4931-8300-91B46C853A2B}.Debug|Any CPU.ActiveCfg = Debug|Any CPU
		{BD8A06F9-81A4-4931-8300-91B46C853A2B}.Debug|Any CPU.Build.0 = Debug|Any CPU
		{BD8A06F9-81A4-4931-8300-91B46C853A2B}.Debug|x64.ActiveCfg = Debug|Any CPU
		{BD8A06F9-81A4-4931-8300-91B46C853A2B}.Debug|x64.Build.0 = Debug|Any CPU
		{BD8A06F9-81A4-4931-8300-91B46C853A2B}.Debug|x86.ActiveCfg = Debug|Any CPU
		{BD8A06F9-81A4-4931-8300-91B46C853A2B}.Debug|x86.Build.0 = Debug|Any CPU
		{BD8A06F9-81A4-4931-8300-91B46C853A2B}.Release|Any CPU.ActiveCfg = Release|Any CPU
		{BD8A06F9-81A4-4931-8300-91B46C853A2B}.Release|Any CPU.Build.0 = Release|Any CPU
		{BD8A06F9-81A4-4931-8300-91B46C853A2B}.Release|x64.ActiveCfg = Release|Any CPU
		{BD8A06F9-81A4-4931-8300-91B46C853A2B}.Release|x64.Build.0 = Release|Any CPU
		{BD8A06F9-81A4-4931-8300-91B46C853A2B}.Release|x86.ActiveCfg = Release|Any CPU
		{BD8A06F9-81A4-4931-8300-91B46C853A2B}.Release|x86.Build.0 = Release|Any CPU
		{B601869E-0DA2-446B-B223-F52D8A535D37}.Debug|Any CPU.ActiveCfg = Debug|Any CPU
		{B601869E-0DA2-446B-B223-F52D8A535D37}.Debug|Any CPU.Build.0 = Debug|Any CPU
		{B601869E-0DA2-446B-B223-F52D8A535D37}.Debug|x64.ActiveCfg = Debug|Any CPU
		{B601869E-0DA2-446B-B223-F52D8A535D37}.Debug|x64.Build.0 = Debug|Any CPU
		{B601869E-0DA2-446B-B223-F52D8A535D37}.Debug|x86.ActiveCfg = Debug|Any CPU
		{B601869E-0DA2-446B-B223-F52D8A535D37}.Debug|x86.Build.0 = Debug|Any CPU
		{B601869E-0DA2-446B-B223-F52D8A535D37}.Release|Any CPU.ActiveCfg = Release|Any CPU
		{B601869E-0DA2-446B-B223-F52D8A535D37}.Release|Any CPU.Build.0 = Release|Any CPU
		{B601869E-0DA2-446B-B223-F52D8A535D37}.Release|x64.ActiveCfg = Release|Any CPU
		{B601869E-0DA2-446B-B223-F52D8A535D37}.Release|x64.Build.0 = Release|Any CPU
		{B601869E-0DA2-446B-B223-F52D8A535D37}.Release|x86.ActiveCfg = Release|Any CPU
		{B601869E-0DA2-446B-B223-F52D8A535D37}.Release|x86.Build.0 = Release|Any CPU
		{D85FBE12-9358-47A4-89D1-3A291FF371D2}.Debug|Any CPU.ActiveCfg = Debug|Any CPU
		{D85FBE12-9358-47A4-89D1-3A291FF371D2}.Debug|Any CPU.Build.0 = Debug|Any CPU
		{D85FBE12-9358-47A4-89D1-3A291FF371D2}.Debug|x64.ActiveCfg = Debug|Any CPU
		{D85FBE12-9358-47A4-89D1-3A291FF371D2}.Debug|x64.Build.0 = Debug|Any CPU
		{D85FBE12-9358-47A4-89D1-3A291FF371D2}.Debug|x86.ActiveCfg = Debug|Any CPU
		{D85FBE12-9358-47A4-89D1-3A291FF371D2}.Debug|x86.Build.0 = Debug|Any CPU
		{D85FBE12-9358-47A4-89D1-3A291FF371D2}.Release|Any CPU.ActiveCfg = Release|Any CPU
		{D85FBE12-9358-47A4-89D1-3A291FF371D2}.Release|Any CPU.Build.0 = Release|Any CPU
		{D85FBE12-9358-47A4-89D1-3A291FF371D2}.Release|x64.ActiveCfg = Release|Any CPU
		{D85FBE12-9358-47A4-89D1-3A291FF371D2}.Release|x64.Build.0 = Release|Any CPU
		{D85FBE12-9358-47A4-89D1-3A291FF371D2}.Release|x86.ActiveCfg = Release|Any CPU
		{D85FBE12-9358-47A4-89D1-3A291FF371D2}.Release|x86.Build.0 = Release|Any CPU
		{31C2E258-7B2D-43B9-B147-38462F76E8F9}.Debug|Any CPU.ActiveCfg = Debug|Any CPU
		{31C2E258-7B2D-43B9-B147-38462F76E8F9}.Debug|Any CPU.Build.0 = Debug|Any CPU
		{31C2E258-7B2D-43B9-B147-38462F76E8F9}.Debug|x64.ActiveCfg = Debug|Any CPU
		{31C2E258-7B2D-43B9-B147-38462F76E8F9}.Debug|x64.Build.0 = Debug|Any CPU
		{31C2E258-7B2D-43B9-B147-38462F76E8F9}.Debug|x86.ActiveCfg = Debug|Any CPU
		{31C2E258-7B2D-43B9-B147-38462F76E8F9}.Debug|x86.Build.0 = Debug|Any CPU
		{31C2E258-7B2D-43B9-B147-38462F76E8F9}.Release|Any CPU.ActiveCfg = Release|Any CPU
		{31C2E258-7B2D-43B9-B147-38462F76E8F9}.Release|Any CPU.Build.0 = Release|Any CPU
		{31C2E258-7B2D-43B9-B147-38462F76E8F9}.Release|x64.ActiveCfg = Release|Any CPU
		{31C2E258-7B2D-43B9-B147-38462F76E8F9}.Release|x64.Build.0 = Release|Any CPU
		{31C2E258-7B2D-43B9-B147-38462F76E8F9}.Release|x86.ActiveCfg = Release|Any CPU
		{31C2E258-7B2D-43B9-B147-38462F76E8F9}.Release|x86.Build.0 = Release|Any CPU
		{39AD022C-414E-4C7A-B0F0-5F8BDDBF4A64}.Debug|Any CPU.ActiveCfg = Debug|Any CPU
		{39AD022C-414E-4C7A-B0F0-5F8BDDBF4A64}.Debug|Any CPU.Build.0 = Debug|Any CPU
		{39AD022C-414E-4C7A-B0F0-5F8BDDBF4A64}.Debug|x64.ActiveCfg = Debug|Any CPU
		{39AD022C-414E-4C7A-B0F0-5F8BDDBF4A64}.Debug|x64.Build.0 = Debug|Any CPU
		{39AD022C-414E-4C7A-B0F0-5F8BDDBF4A64}.Debug|x86.ActiveCfg = Debug|Any CPU
		{39AD022C-414E-4C7A-B0F0-5F8BDDBF4A64}.Debug|x86.Build.0 = Debug|Any CPU
		{39AD022C-414E-4C7A-B0F0-5F8BDDBF4A64}.Release|Any CPU.ActiveCfg = Release|Any CPU
		{39AD022C-414E-4C7A-B0F0-5F8BDDBF4A64}.Release|Any CPU.Build.0 = Release|Any CPU
		{39AD022C-414E-4C7A-B0F0-5F8BDDBF4A64}.Release|x64.ActiveCfg = Release|Any CPU
		{39AD022C-414E-4C7A-B0F0-5F8BDDBF4A64}.Release|x64.Build.0 = Release|Any CPU
		{39AD022C-414E-4C7A-B0F0-5F8BDDBF4A64}.Release|x86.ActiveCfg = Release|Any CPU
		{39AD022C-414E-4C7A-B0F0-5F8BDDBF4A64}.Release|x86.Build.0 = Release|Any CPU
		{B08FD34C-9492-4344-85C5-488B4AB24B49}.Debug|Any CPU.ActiveCfg = Debug|Any CPU
		{B08FD34C-9492-4344-85C5-488B4AB24B49}.Debug|Any CPU.Build.0 = Debug|Any CPU
		{B08FD34C-9492-4344-85C5-488B4AB24B49}.Debug|x64.ActiveCfg = Debug|Any CPU
		{B08FD34C-9492-4344-85C5-488B4AB24B49}.Debug|x64.Build.0 = Debug|Any CPU
		{B08FD34C-9492-4344-85C5-488B4AB24B49}.Debug|x86.ActiveCfg = Debug|Any CPU
		{B08FD34C-9492-4344-85C5-488B4AB24B49}.Debug|x86.Build.0 = Debug|Any CPU
		{B08FD34C-9492-4344-85C5-488B4AB24B49}.Release|Any CPU.ActiveCfg = Release|Any CPU
		{B08FD34C-9492-4344-85C5-488B4AB24B49}.Release|Any CPU.Build.0 = Release|Any CPU
		{B08FD34C-9492-4344-85C5-488B4AB24B49}.Release|x64.ActiveCfg = Release|Any CPU
		{B08FD34C-9492-4344-85C5-488B4AB24B49}.Release|x64.Build.0 = Release|Any CPU
		{B08FD34C-9492-4344-85C5-488B4AB24B49}.Release|x86.ActiveCfg = Release|Any CPU
		{B08FD34C-9492-4344-85C5-488B4AB24B49}.Release|x86.Build.0 = Release|Any CPU
		{D4384E37-0A90-418D-9BA1-631C244DA7EF}.Debug|Any CPU.ActiveCfg = Debug|Any CPU
		{D4384E37-0A90-418D-9BA1-631C244DA7EF}.Debug|Any CPU.Build.0 = Debug|Any CPU
		{D4384E37-0A90-418D-9BA1-631C244DA7EF}.Debug|x64.ActiveCfg = Debug|Any CPU
		{D4384E37-0A90-418D-9BA1-631C244DA7EF}.Debug|x64.Build.0 = Debug|Any CPU
		{D4384E37-0A90-418D-9BA1-631C244DA7EF}.Debug|x86.ActiveCfg = Debug|Any CPU
		{D4384E37-0A90-418D-9BA1-631C244DA7EF}.Debug|x86.Build.0 = Debug|Any CPU
		{D4384E37-0A90-418D-9BA1-631C244DA7EF}.Release|Any CPU.ActiveCfg = Release|Any CPU
		{D4384E37-0A90-418D-9BA1-631C244DA7EF}.Release|Any CPU.Build.0 = Release|Any CPU
		{D4384E37-0A90-418D-9BA1-631C244DA7EF}.Release|x64.ActiveCfg = Release|Any CPU
		{D4384E37-0A90-418D-9BA1-631C244DA7EF}.Release|x64.Build.0 = Release|Any CPU
		{D4384E37-0A90-418D-9BA1-631C244DA7EF}.Release|x86.ActiveCfg = Release|Any CPU
		{D4384E37-0A90-418D-9BA1-631C244DA7EF}.Release|x86.Build.0 = Release|Any CPU
		{EF09051F-C668-4EC3-BFE5-330C5FDD2231}.Debug|Any CPU.ActiveCfg = Debug|Any CPU
		{EF09051F-C668-4EC3-BFE5-330C5FDD2231}.Debug|Any CPU.Build.0 = Debug|Any CPU
		{EF09051F-C668-4EC3-BFE5-330C5FDD2231}.Debug|x64.ActiveCfg = Debug|Any CPU
		{EF09051F-C668-4EC3-BFE5-330C5FDD2231}.Debug|x64.Build.0 = Debug|Any CPU
		{EF09051F-C668-4EC3-BFE5-330C5FDD2231}.Debug|x86.ActiveCfg = Debug|Any CPU
		{EF09051F-C668-4EC3-BFE5-330C5FDD2231}.Debug|x86.Build.0 = Debug|Any CPU
		{EF09051F-C668-4EC3-BFE5-330C5FDD2231}.Release|Any CPU.ActiveCfg = Release|Any CPU
		{EF09051F-C668-4EC3-BFE5-330C5FDD2231}.Release|Any CPU.Build.0 = Release|Any CPU
		{EF09051F-C668-4EC3-BFE5-330C5FDD2231}.Release|x64.ActiveCfg = Release|Any CPU
		{EF09051F-C668-4EC3-BFE5-330C5FDD2231}.Release|x64.Build.0 = Release|Any CPU
		{EF09051F-C668-4EC3-BFE5-330C5FDD2231}.Release|x86.ActiveCfg = Release|Any CPU
		{EF09051F-C668-4EC3-BFE5-330C5FDD2231}.Release|x86.Build.0 = Release|Any CPU
		{586D4E96-F476-4AFA-B2FE-00F4772463C2}.Debug|Any CPU.ActiveCfg = Debug|Any CPU
		{586D4E96-F476-4AFA-B2FE-00F4772463C2}.Debug|Any CPU.Build.0 = Debug|Any CPU
		{586D4E96-F476-4AFA-B2FE-00F4772463C2}.Debug|x64.ActiveCfg = Debug|Any CPU
		{586D4E96-F476-4AFA-B2FE-00F4772463C2}.Debug|x64.Build.0 = Debug|Any CPU
		{586D4E96-F476-4AFA-B2FE-00F4772463C2}.Debug|x86.ActiveCfg = Debug|Any CPU
		{586D4E96-F476-4AFA-B2FE-00F4772463C2}.Debug|x86.Build.0 = Debug|Any CPU
		{586D4E96-F476-4AFA-B2FE-00F4772463C2}.Release|Any CPU.ActiveCfg = Release|Any CPU
		{586D4E96-F476-4AFA-B2FE-00F4772463C2}.Release|Any CPU.Build.0 = Release|Any CPU
		{586D4E96-F476-4AFA-B2FE-00F4772463C2}.Release|x64.ActiveCfg = Release|Any CPU
		{586D4E96-F476-4AFA-B2FE-00F4772463C2}.Release|x64.Build.0 = Release|Any CPU
		{586D4E96-F476-4AFA-B2FE-00F4772463C2}.Release|x86.ActiveCfg = Release|Any CPU
		{586D4E96-F476-4AFA-B2FE-00F4772463C2}.Release|x86.Build.0 = Release|Any CPU
		{6E1FB725-65FB-472B-89D9-197C108CFD5D}.Debug|Any CPU.ActiveCfg = Debug|Any CPU
		{6E1FB725-65FB-472B-89D9-197C108CFD5D}.Debug|Any CPU.Build.0 = Debug|Any CPU
		{6E1FB725-65FB-472B-89D9-197C108CFD5D}.Debug|x64.ActiveCfg = Debug|Any CPU
		{6E1FB725-65FB-472B-89D9-197C108CFD5D}.Debug|x64.Build.0 = Debug|Any CPU
		{6E1FB725-65FB-472B-89D9-197C108CFD5D}.Debug|x86.ActiveCfg = Debug|Any CPU
		{6E1FB725-65FB-472B-89D9-197C108CFD5D}.Debug|x86.Build.0 = Debug|Any CPU
		{6E1FB725-65FB-472B-89D9-197C108CFD5D}.Release|Any CPU.ActiveCfg = Release|Any CPU
		{6E1FB725-65FB-472B-89D9-197C108CFD5D}.Release|Any CPU.Build.0 = Release|Any CPU
		{6E1FB725-65FB-472B-89D9-197C108CFD5D}.Release|x64.ActiveCfg = Release|Any CPU
		{6E1FB725-65FB-472B-89D9-197C108CFD5D}.Release|x64.Build.0 = Release|Any CPU
		{6E1FB725-65FB-472B-89D9-197C108CFD5D}.Release|x86.ActiveCfg = Release|Any CPU
		{6E1FB725-65FB-472B-89D9-197C108CFD5D}.Release|x86.Build.0 = Release|Any CPU
		{BDB98E4D-7DB2-44E2-AF76-D22F3E58B547}.Debug|Any CPU.ActiveCfg = Debug|Any CPU
		{BDB98E4D-7DB2-44E2-AF76-D22F3E58B547}.Debug|Any CPU.Build.0 = Debug|Any CPU
		{BDB98E4D-7DB2-44E2-AF76-D22F3E58B547}.Debug|x64.ActiveCfg = Debug|Any CPU
		{BDB98E4D-7DB2-44E2-AF76-D22F3E58B547}.Debug|x64.Build.0 = Debug|Any CPU
		{BDB98E4D-7DB2-44E2-AF76-D22F3E58B547}.Debug|x86.ActiveCfg = Debug|Any CPU
		{BDB98E4D-7DB2-44E2-AF76-D22F3E58B547}.Debug|x86.Build.0 = Debug|Any CPU
		{BDB98E4D-7DB2-44E2-AF76-D22F3E58B547}.Release|Any CPU.ActiveCfg = Release|Any CPU
		{BDB98E4D-7DB2-44E2-AF76-D22F3E58B547}.Release|Any CPU.Build.0 = Release|Any CPU
		{BDB98E4D-7DB2-44E2-AF76-D22F3E58B547}.Release|x64.ActiveCfg = Release|Any CPU
		{BDB98E4D-7DB2-44E2-AF76-D22F3E58B547}.Release|x64.Build.0 = Release|Any CPU
		{BDB98E4D-7DB2-44E2-AF76-D22F3E58B547}.Release|x86.ActiveCfg = Release|Any CPU
		{BDB98E4D-7DB2-44E2-AF76-D22F3E58B547}.Release|x86.Build.0 = Release|Any CPU
		{E893C220-C2E4-4B86-A65B-F41D853ECEFE}.Debug|Any CPU.ActiveCfg = Debug|Any CPU
		{E893C220-C2E4-4B86-A65B-F41D853ECEFE}.Debug|Any CPU.Build.0 = Debug|Any CPU
		{E893C220-C2E4-4B86-A65B-F41D853ECEFE}.Debug|x64.ActiveCfg = Debug|Any CPU
		{E893C220-C2E4-4B86-A65B-F41D853ECEFE}.Debug|x64.Build.0 = Debug|Any CPU
		{E893C220-C2E4-4B86-A65B-F41D853ECEFE}.Debug|x86.ActiveCfg = Debug|Any CPU
		{E893C220-C2E4-4B86-A65B-F41D853ECEFE}.Debug|x86.Build.0 = Debug|Any CPU
		{E893C220-C2E4-4B86-A65B-F41D853ECEFE}.Release|Any CPU.ActiveCfg = Release|Any CPU
		{E893C220-C2E4-4B86-A65B-F41D853ECEFE}.Release|Any CPU.Build.0 = Release|Any CPU
		{E893C220-C2E4-4B86-A65B-F41D853ECEFE}.Release|x64.ActiveCfg = Release|Any CPU
		{E893C220-C2E4-4B86-A65B-F41D853ECEFE}.Release|x64.Build.0 = Release|Any CPU
		{E893C220-C2E4-4B86-A65B-F41D853ECEFE}.Release|x86.ActiveCfg = Release|Any CPU
		{E893C220-C2E4-4B86-A65B-F41D853ECEFE}.Release|x86.Build.0 = Release|Any CPU
	EndGlobalSection
	GlobalSection(SolutionProperties) = preSolution
		HideSolutionNode = FALSE
	EndGlobalSection
	GlobalSection(NestedProjects) = preSolution
		{94CAAEA3-8CA3-45B5-9EED-804BDF63BCC7} = {BBD4105E-A764-4638-BE9F-0D7704A85D70}
		{1F6D2ABE-31D0-42F0-BA6E-F43E457FD6BD} = {BBD4105E-A764-4638-BE9F-0D7704A85D70}
		{551F9D44-8CC5-49B7-9EFD-4CC57CFDB504} = {496C6FF7-0CDE-4E47-BFEB-6F688539D395}
		{931B808F-2620-4B71-9F23-680F3BA90E6B} = {496C6FF7-0CDE-4E47-BFEB-6F688539D395}
		{811EE95C-ED43-4601-BFAB-E75B41FD263A} = {551F9D44-8CC5-49B7-9EFD-4CC57CFDB504}
		{5C818AB4-0B33-4802-933D-11210EB5C229} = {496C6FF7-0CDE-4E47-BFEB-6F688539D395}
		{8A097724-9C89-4645-9629-E9FA945E8695} = {551F9D44-8CC5-49B7-9EFD-4CC57CFDB504}
		{A22E0D0A-25D7-428F-978C-364C2A4CAE81} = {496C6FF7-0CDE-4E47-BFEB-6F688539D395}
		{42D49B3A-5F7B-4242-BC5C-66075496C895} = {496C6FF7-0CDE-4E47-BFEB-6F688539D395}
		{45AF8573-222B-48CE-A8DE-47EEF7E34004} = {052C1580-3E23-4027-A877-35C34DD83789}
		{E64F9A2A-BB55-4098-85D8-14C3A6143DE3} = {CA5006A4-D525-4A0B-916B-71132AEE572B}
		{509262B4-7BDE-484A-965C-71A9CDF3112C} = {D35B566F-816E-4A78-B1F5-DF0540620B9F}
		{0D7D0E90-6F5F-4086-8C20-D2AA564DF66C} = {D35B566F-816E-4A78-B1F5-DF0540620B9F}
		{B4F2391D-5E5F-4F90-9FF1-F5190C517EAA} = {D35B566F-816E-4A78-B1F5-DF0540620B9F}
		{EA76F9A3-8C86-4D71-AE23-D16CC1F4D734} = {D35B566F-816E-4A78-B1F5-DF0540620B9F}
		{FAEEB581-1876-45EC-BA54-F64682B10B30} = {691427F7-37A4-427B-93C0-BA8E80DC9617}
		{3648E89D-1EB0-41F5-94BC-1DE45F990FA3} = {691427F7-37A4-427B-93C0-BA8E80DC9617}
		{2999CBC5-8FAA-462B-BDB6-40A0A714A7FE} = {3648E89D-1EB0-41F5-94BC-1DE45F990FA3}
		{3EB35363-0DFF-49C1-B72B-64EA74843AC4} = {691427F7-37A4-427B-93C0-BA8E80DC9617}
		{1AFE591B-D68E-41C2-AEE0-48F40C5F57F4} = {3EB35363-0DFF-49C1-B72B-64EA74843AC4}
		{691427F7-37A4-427B-93C0-BA8E80DC9617} = {D35B566F-816E-4A78-B1F5-DF0540620B9F}
		{3D01E97B-50EC-4522-AF2A-5F28D01A69CE} = {3648E89D-1EB0-41F5-94BC-1DE45F990FA3}
		{5A4AA156-21EF-4172-A16E-0A8829293837} = {3648E89D-1EB0-41F5-94BC-1DE45F990FA3}
		{0641FF64-0338-47FA-B75B-BC7CEC1C711B} = {3648E89D-1EB0-41F5-94BC-1DE45F990FA3}
		{4F07CA65-432A-48BA-8B9B-2BA0E8A24B4B} = {D35B566F-816E-4A78-B1F5-DF0540620B9F}
		{55668A03-185C-454C-9D95-0E33B1B1FF02} = {4F07CA65-432A-48BA-8B9B-2BA0E8A24B4B}
		{7F9613B2-CC50-4C21-B0A0-9FCDDB4E0DDE} = {85BECA60-19F9-4B4C-A103-C51963A366B3}
		{9A1E9DB1-159B-418F-BB99-C2A5B5F1EBFE} = {85BECA60-19F9-4B4C-A103-C51963A366B3}
		{5C63743C-C56F-4E1D-A53A-FAAC5591150C} = {85BECA60-19F9-4B4C-A103-C51963A366B3}
		{BD0B742C-1A99-449B-82C2-462580387B87} = {85BECA60-19F9-4B4C-A103-C51963A366B3}
		{46092673-766C-4894-BC39-834155C93044} = {A8C20DE0-B2F5-4E70-B4AE-9B7F02A4CA04}
		{BDF73BFC-9E2F-4999-B49F-2EB6D9D126F2} = {A8C20DE0-B2F5-4E70-B4AE-9B7F02A4CA04}
		{A8C20DE0-B2F5-4E70-B4AE-9B7F02A4CA04} = {85BECA60-19F9-4B4C-A103-C51963A366B3}
		{BBE0E231-C780-4DA1-8564-4E4A5C9C7AB1} = {85E0EA2F-4A03-4314-BDE5-09E36BAD39F3}
		{63481A2F-7E27-431A-9B64-3B354B1F9154} = {D35B566F-816E-4A78-B1F5-DF0540620B9F}
		{D9B15FBA-66D3-4A15-AFB6-C0F0786795A9} = {63481A2F-7E27-431A-9B64-3B354B1F9154}
		{5FE8AD75-B070-4A7F-9587-C40EE51BDD44} = {D9B15FBA-66D3-4A15-AFB6-C0F0786795A9}
		{EC6283B8-58C2-41FF-80C6-0C5C7A402541} = {D9B15FBA-66D3-4A15-AFB6-C0F0786795A9}
		{22D242EB-8113-49E3-8CC9-03A41E3B185E} = {D9B15FBA-66D3-4A15-AFB6-C0F0786795A9}
		{07234EAC-B32F-4769-A4C5-83209A858829} = {D9B15FBA-66D3-4A15-AFB6-C0F0786795A9}
		{8EBA64E3-198D-4456-B9BF-D7EF9BD2CBCE} = {D9B15FBA-66D3-4A15-AFB6-C0F0786795A9}
		{003702D8-E922-4539-80D4-15AAB22FF29D} = {D9B15FBA-66D3-4A15-AFB6-C0F0786795A9}
		{7F1591C0-A75E-4351-80DB-1BFAEA500058} = {63481A2F-7E27-431A-9B64-3B354B1F9154}
		{BD8A06F9-81A4-4931-8300-91B46C853A2B} = {7F1591C0-A75E-4351-80DB-1BFAEA500058}
		{B601869E-0DA2-446B-B223-F52D8A535D37} = {7F1591C0-A75E-4351-80DB-1BFAEA500058}
		{D85FBE12-9358-47A4-89D1-3A291FF371D2} = {7F1591C0-A75E-4351-80DB-1BFAEA500058}
		{31C2E258-7B2D-43B9-B147-38462F76E8F9} = {7F1591C0-A75E-4351-80DB-1BFAEA500058}
		{39AD022C-414E-4C7A-B0F0-5F8BDDBF4A64} = {7F1591C0-A75E-4351-80DB-1BFAEA500058}
		{B08FD34C-9492-4344-85C5-488B4AB24B49} = {7F1591C0-A75E-4351-80DB-1BFAEA500058}
		{E10AD163-FA29-4602-8AA8-8D64AB438EE4} = {63481A2F-7E27-431A-9B64-3B354B1F9154}
		{D4384E37-0A90-418D-9BA1-631C244DA7EF} = {E10AD163-FA29-4602-8AA8-8D64AB438EE4}
		{EF09051F-C668-4EC3-BFE5-330C5FDD2231} = {E10AD163-FA29-4602-8AA8-8D64AB438EE4}
		{586D4E96-F476-4AFA-B2FE-00F4772463C2} = {E10AD163-FA29-4602-8AA8-8D64AB438EE4}
		{6E1FB725-65FB-472B-89D9-197C108CFD5D} = {E10AD163-FA29-4602-8AA8-8D64AB438EE4}
		{BDB98E4D-7DB2-44E2-AF76-D22F3E58B547} = {E10AD163-FA29-4602-8AA8-8D64AB438EE4}
		{E893C220-C2E4-4B86-A65B-F41D853ECEFE} = {E10AD163-FA29-4602-8AA8-8D64AB438EE4}
	EndGlobalSection
EndGlobal
